// !$*UTF8*$!
{
	archiveVersion = 1;
	classes = {
	};
	objectVersion = 46;
	objects = {

/* Begin PBXBuildFile section */
		C07012911E7C06F80062CB05 /* AppDelegate.swift in Sources */ = {isa = PBXBuildFile; fileRef = C07012901E7C06F80062CB05 /* AppDelegate.swift */; };
		C07012931E7C06F80062CB05 /* ViewController.swift in Sources */ = {isa = PBXBuildFile; fileRef = C07012921E7C06F80062CB05 /* ViewController.swift */; };
		C07012961E7C06F80062CB05 /* Main.storyboard in Resources */ = {isa = PBXBuildFile; fileRef = C07012941E7C06F80062CB05 /* Main.storyboard */; };
		C07012981E7C06F80062CB05 /* Assets.xcassets in Resources */ = {isa = PBXBuildFile; fileRef = C07012971E7C06F80062CB05 /* Assets.xcassets */; };
		C070129B1E7C06F80062CB05 /* LaunchScreen.storyboard in Resources */ = {isa = PBXBuildFile; fileRef = C07012991E7C06F80062CB05 /* LaunchScreen.storyboard */; };
		C07012A61E7C06F90062CB05 /* page_scrollTests.swift in Sources */ = {isa = PBXBuildFile; fileRef = C07012A51E7C06F90062CB05 /* page_scrollTests.swift */; };
		C07012B11E7C06F90062CB05 /* page_scrollUITests.swift in Sources */ = {isa = PBXBuildFile; fileRef = C07012B01E7C06F90062CB05 /* page_scrollUITests.swift */; };
/* End PBXBuildFile section */

/* Begin PBXContainerItemProxy section */
		C07012A21E7C06F90062CB05 /* PBXContainerItemProxy */ = {
			isa = PBXContainerItemProxy;
			containerPortal = C07012851E7C06F80062CB05 /* Project object */;
			proxyType = 1;
			remoteGlobalIDString = C070128C1E7C06F80062CB05;
			remoteInfo = page_scroll;
		};
		C07012AD1E7C06F90062CB05 /* PBXContainerItemProxy */ = {
			isa = PBXContainerItemProxy;
			containerPortal = C07012851E7C06F80062CB05 /* Project object */;
			proxyType = 1;
			remoteGlobalIDString = C070128C1E7C06F80062CB05;
			remoteInfo = page_scroll;
		};
/* End PBXContainerItemProxy section */

/* Begin PBXFileReference section */
		C070128D1E7C06F80062CB05 /* page_scroll.app */ = {isa = PBXFileReference; explicitFileType = wrapper.application; includeInIndex = 0; path = page_scroll.app; sourceTree = BUILT_PRODUCTS_DIR; };
		C07012901E7C06F80062CB05 /* AppDelegate.swift */ = {isa = PBXFileReference; lastKnownFileType = sourcecode.swift; path = AppDelegate.swift; sourceTree = "<group>"; };
		C07012921E7C06F80062CB05 /* ViewController.swift */ = {isa = PBXFileReference; lastKnownFileType = sourcecode.swift; path = ViewController.swift; sourceTree = "<group>"; };
		C07012951E7C06F80062CB05 /* Base */ = {isa = PBXFileReference; lastKnownFileType = file.storyboard; name = Base; path = Base.lproj/Main.storyboard; sourceTree = "<group>"; };
		C07012971E7C06F80062CB05 /* Assets.xcassets */ = {isa = PBXFileReference; lastKnownFileType = folder.assetcatalog; path = Assets.xcassets; sourceTree = "<group>"; };
		C070129A1E7C06F80062CB05 /* Base */ = {isa = PBXFileReference; lastKnownFileType = file.storyboard; name = Base; path = Base.lproj/LaunchScreen.storyboard; sourceTree = "<group>"; };
		C070129C1E7C06F80062CB05 /* Info.plist */ = {isa = PBXFileReference; lastKnownFileType = text.plist.xml; path = Info.plist; sourceTree = "<group>"; };
		C07012A11E7C06F90062CB05 /* page_scrollTests.xctest */ = {isa = PBXFileReference; explicitFileType = wrapper.cfbundle; includeInIndex = 0; path = page_scrollTests.xctest; sourceTree = BUILT_PRODUCTS_DIR; };
		C07012A51E7C06F90062CB05 /* page_scrollTests.swift */ = {isa = PBXFileReference; lastKnownFileType = sourcecode.swift; path = page_scrollTests.swift; sourceTree = "<group>"; };
		C07012A71E7C06F90062CB05 /* Info.plist */ = {isa = PBXFileReference; lastKnownFileType = text.plist.xml; path = Info.plist; sourceTree = "<group>"; };
		C07012AC1E7C06F90062CB05 /* page_scrollUITests.xctest */ = {isa = PBXFileReference; explicitFileType = wrapper.cfbundle; includeInIndex = 0; path = page_scrollUITests.xctest; sourceTree = BUILT_PRODUCTS_DIR; };
		C07012B01E7C06F90062CB05 /* page_scrollUITests.swift */ = {isa = PBXFileReference; lastKnownFileType = sourcecode.swift; path = page_scrollUITests.swift; sourceTree = "<group>"; };
		C07012B21E7C06F90062CB05 /* Info.plist */ = {isa = PBXFileReference; lastKnownFileType = text.plist.xml; path = Info.plist; sourceTree = "<group>"; };
/* End PBXFileReference section */

/* Begin PBXFrameworksBuildPhase section */
		C070128A1E7C06F80062CB05 /* Frameworks */ = {
			isa = PBXFrameworksBuildPhase;
			buildActionMask = 2147483647;
			files = (
			);
			runOnlyForDeploymentPostprocessing = 0;
		};
		C070129E1E7C06F90062CB05 /* Frameworks */ = {
			isa = PBXFrameworksBuildPhase;
			buildActionMask = 2147483647;
			files = (
			);
			runOnlyForDeploymentPostprocessing = 0;
		};
		C07012A91E7C06F90062CB05 /* Frameworks */ = {
			isa = PBXFrameworksBuildPhase;
			buildActionMask = 2147483647;
			files = (
			);
			runOnlyForDeploymentPostprocessing = 0;
		};
/* End PBXFrameworksBuildPhase section */

/* Begin PBXGroup section */
		C07012841E7C06F80062CB05 = {
			isa = PBXGroup;
			children = (
				C070128F1E7C06F80062CB05 /* page_scroll */,
				C07012A41E7C06F90062CB05 /* page_scrollTests */,
				C07012AF1E7C06F90062CB05 /* page_scrollUITests */,
				C070128E1E7C06F80062CB05 /* Products */,
			);
			sourceTree = "<group>";
		};
		C070128E1E7C06F80062CB05 /* Products */ = {
			isa = PBXGroup;
			children = (
				C070128D1E7C06F80062CB05 /* page_scroll.app */,
				C07012A11E7C06F90062CB05 /* page_scrollTests.xctest */,
				C07012AC1E7C06F90062CB05 /* page_scrollUITests.xctest */,
			);
			name = Products;
			sourceTree = "<group>";
		};
		C070128F1E7C06F80062CB05 /* page_scroll */ = {
			isa = PBXGroup;
			children = (
				C07012901E7C06F80062CB05 /* AppDelegate.swift */,
				C07012921E7C06F80062CB05 /* ViewController.swift */,
				C07012941E7C06F80062CB05 /* Main.storyboard */,
				C07012971E7C06F80062CB05 /* Assets.xcassets */,
				C07012991E7C06F80062CB05 /* LaunchScreen.storyboard */,
				C070129C1E7C06F80062CB05 /* Info.plist */,
			);
			path = page_scroll;
			sourceTree = "<group>";
		};
		C07012A41E7C06F90062CB05 /* page_scrollTests */ = {
			isa = PBXGroup;
			children = (
				C07012A51E7C06F90062CB05 /* page_scrollTests.swift */,
				C07012A71E7C06F90062CB05 /* Info.plist */,
			);
			path = page_scrollTests;
			sourceTree = "<group>";
		};
		C07012AF1E7C06F90062CB05 /* page_scrollUITests */ = {
			isa = PBXGroup;
			children = (
				C07012B01E7C06F90062CB05 /* page_scrollUITests.swift */,
				C07012B21E7C06F90062CB05 /* Info.plist */,
			);
			path = page_scrollUITests;
			sourceTree = "<group>";
		};
/* End PBXGroup section */

/* Begin PBXNativeTarget section */
		C070128C1E7C06F80062CB05 /* page_scroll */ = {
			isa = PBXNativeTarget;
			buildConfigurationList = C07012B51E7C06F90062CB05 /* Build configuration list for PBXNativeTarget "page_scroll" */;
			buildPhases = (
				C07012891E7C06F80062CB05 /* Sources */,
				C070128A1E7C06F80062CB05 /* Frameworks */,
				C070128B1E7C06F80062CB05 /* Resources */,
			);
			buildRules = (
			);
			dependencies = (
			);
			name = page_scroll;
			productName = page_scroll;
			productReference = C070128D1E7C06F80062CB05 /* page_scroll.app */;
			productType = "com.apple.product-type.application";
		};
		C07012A01E7C06F90062CB05 /* page_scrollTests */ = {
			isa = PBXNativeTarget;
			buildConfigurationList = C07012B81E7C06F90062CB05 /* Build configuration list for PBXNativeTarget "page_scrollTests" */;
			buildPhases = (
				C070129D1E7C06F90062CB05 /* Sources */,
				C070129E1E7C06F90062CB05 /* Frameworks */,
				C070129F1E7C06F90062CB05 /* Resources */,
			);
			buildRules = (
			);
			dependencies = (
				C07012A31E7C06F90062CB05 /* PBXTargetDependency */,
			);
			name = page_scrollTests;
			productName = page_scrollTests;
			productReference = C07012A11E7C06F90062CB05 /* page_scrollTests.xctest */;
			productType = "com.apple.product-type.bundle.unit-test";
		};
		C07012AB1E7C06F90062CB05 /* page_scrollUITests */ = {
			isa = PBXNativeTarget;
			buildConfigurationList = C07012BB1E7C06F90062CB05 /* Build configuration list for PBXNativeTarget "page_scrollUITests" */;
			buildPhases = (
				C07012A81E7C06F90062CB05 /* Sources */,
				C07012A91E7C06F90062CB05 /* Frameworks */,
				C07012AA1E7C06F90062CB05 /* Resources */,
			);
			buildRules = (
			);
			dependencies = (
				C07012AE1E7C06F90062CB05 /* PBXTargetDependency */,
			);
			name = page_scrollUITests;
			productName = page_scrollUITests;
			productReference = C07012AC1E7C06F90062CB05 /* page_scrollUITests.xctest */;
			productType = "com.apple.product-type.bundle.ui-testing";
		};
/* End PBXNativeTarget section */

/* Begin PBXProject section */
		C07012851E7C06F80062CB05 /* Project object */ = {
			isa = PBXProject;
			attributes = {
				LastSwiftUpdateCheck = 0820;
				LastUpgradeCheck = 0820;
				ORGANIZATIONNAME = superoo7.com;
				TargetAttributes = {
					C070128C1E7C06F80062CB05 = {
						CreatedOnToolsVersion = 8.2.1;
						DevelopmentTeam = X27TAC5Y26;
						ProvisioningStyle = Automatic;
					};
					C07012A01E7C06F90062CB05 = {
						CreatedOnToolsVersion = 8.2.1;
						ProvisioningStyle = Automatic;
						TestTargetID = C070128C1E7C06F80062CB05;
					};
					C07012AB1E7C06F90062CB05 = {
						CreatedOnToolsVersion = 8.2.1;
						ProvisioningStyle = Automatic;
						TestTargetID = C070128C1E7C06F80062CB05;
					};
				};
			};
			buildConfigurationList = C07012881E7C06F80062CB05 /* Build configuration list for PBXProject "page_scroll" */;
			compatibilityVersion = "Xcode 3.2";
			developmentRegion = English;
			hasScannedForEncodings = 0;
			knownRegions = (
				en,
				Base,
			);
			mainGroup = C07012841E7C06F80062CB05;
			productRefGroup = C070128E1E7C06F80062CB05 /* Products */;
			projectDirPath = "";
			projectRoot = "";
			targets = (
				C070128C1E7C06F80062CB05 /* page_scroll */,
				C07012A01E7C06F90062CB05 /* page_scrollTests */,
				C07012AB1E7C06F90062CB05 /* page_scrollUITests */,
			);
		};
/* End PBXProject section */

/* Begin PBXResourcesBuildPhase section */
		C070128B1E7C06F80062CB05 /* Resources */ = {
			isa = PBXResourcesBuildPhase;
			buildActionMask = 2147483647;
			files = (
				C070129B1E7C06F80062CB05 /* LaunchScreen.storyboard in Resources */,
				C07012981E7C06F80062CB05 /* Assets.xcassets in Resources */,
				C07012961E7C06F80062CB05 /* Main.storyboard in Resources */,
			);
			runOnlyForDeploymentPostprocessing = 0;
		};
		C070129F1E7C06F90062CB05 /* Resources */ = {
			isa = PBXResourcesBuildPhase;
			buildActionMask = 2147483647;
			files = (
			);
			runOnlyForDeploymentPostprocessing = 0;
		};
		C07012AA1E7C06F90062CB05 /* Resources */ = {
			isa = PBXResourcesBuildPhase;
			buildActionMask = 2147483647;
			files = (
			);
			runOnlyForDeploymentPostprocessing = 0;
		};
/* End PBXResourcesBuildPhase section */

/* Begin PBXSourcesBuildPhase section */
		C07012891E7C06F80062CB05 /* Sources */ = {
			isa = PBXSourcesBuildPhase;
			buildActionMask = 2147483647;
			files = (
				C07012931E7C06F80062CB05 /* ViewController.swift in Sources */,
				C07012911E7C06F80062CB05 /* AppDelegate.swift in Sources */,
			);
			runOnlyForDeploymentPostprocessing = 0;
		};
		C070129D1E7C06F90062CB05 /* Sources */ = {
			isa = PBXSourcesBuildPhase;
			buildActionMask = 2147483647;
			files = (
				C07012A61E7C06F90062CB05 /* page_scrollTests.swift in Sources */,
			);
			runOnlyForDeploymentPostprocessing = 0;
		};
		C07012A81E7C06F90062CB05 /* Sources */ = {
			isa = PBXSourcesBuildPhase;
			buildActionMask = 2147483647;
			files = (
				C07012B11E7C06F90062CB05 /* page_scrollUITests.swift in Sources */,
			);
			runOnlyForDeploymentPostprocessing = 0;
		};
/* End PBXSourcesBuildPhase section */

/* Begin PBXTargetDependency section */
		C07012A31E7C06F90062CB05 /* PBXTargetDependency */ = {
			isa = PBXTargetDependency;
			target = C070128C1E7C06F80062CB05 /* page_scroll */;
			targetProxy = C07012A21E7C06F90062CB05 /* PBXContainerItemProxy */;
		};
		C07012AE1E7C06F90062CB05 /* PBXTargetDependency */ = {
			isa = PBXTargetDependency;
			target = C070128C1E7C06F80062CB05 /* page_scroll */;
			targetProxy = C07012AD1E7C06F90062CB05 /* PBXContainerItemProxy */;
		};
/* End PBXTargetDependency section */

/* Begin PBXVariantGroup section */
		C07012941E7C06F80062CB05 /* Main.storyboard */ = {
			isa = PBXVariantGroup;
			children = (
				C07012951E7C06F80062CB05 /* Base */,
			);
			name = Main.storyboard;
			sourceTree = "<group>";
		};
		C07012991E7C06F80062CB05 /* LaunchScreen.storyboard */ = {
			isa = PBXVariantGroup;
			children = (
				C070129A1E7C06F80062CB05 /* Base */,
			);
			name = LaunchScreen.storyboard;
			sourceTree = "<group>";
		};
/* End PBXVariantGroup section */

/* Begin XCBuildConfiguration section */
		C07012B31E7C06F90062CB05 /* Debug */ = {
			isa = XCBuildConfiguration;
			buildSettings = {
				ALWAYS_SEARCH_USER_PATHS = NO;
				CLANG_ANALYZER_NONNULL = YES;
				CLANG_CXX_LANGUAGE_STANDARD = "gnu++0x";
				CLANG_CXX_LIBRARY = "libc++";
				CLANG_ENABLE_MODULES = YES;
				CLANG_ENABLE_OBJC_ARC = YES;
				CLANG_WARN_BOOL_CONVERSION = YES;
				CLANG_WARN_CONSTANT_CONVERSION = YES;
				CLANG_WARN_DIRECT_OBJC_ISA_USAGE = YES_ERROR;
				CLANG_WARN_DOCUMENTATION_COMMENTS = YES;
				CLANG_WARN_EMPTY_BODY = YES;
				CLANG_WARN_ENUM_CONVERSION = YES;
				CLANG_WARN_INFINITE_RECURSION = YES;
				CLANG_WARN_INT_CONVERSION = YES;
				CLANG_WARN_OBJC_ROOT_CLASS = YES_ERROR;
				CLANG_WARN_SUSPICIOUS_MOVE = YES;
				CLANG_WARN_UNREACHABLE_CODE = YES;
				CLANG_WARN__DUPLICATE_METHOD_MATCH = YES;
				"CODE_SIGN_IDENTITY[sdk=iphoneos*]" = "iPhone Developer";
				COPY_PHASE_STRIP = NO;
				DEBUG_INFORMATION_FORMAT = dwarf;
				ENABLE_STRICT_OBJC_MSGSEND = YES;
				ENABLE_TESTABILITY = YES;
				GCC_C_LANGUAGE_STANDARD = gnu99;
				GCC_DYNAMIC_NO_PIC = NO;
				GCC_NO_COMMON_BLOCKS = YES;
				GCC_OPTIMIZATION_LEVEL = 0;
				GCC_PREPROCESSOR_DEFINITIONS = (
					"DEBUG=1",
					"$(inherited)",
				);
				GCC_WARN_64_TO_32_BIT_CONVERSION = YES;
				GCC_WARN_ABOUT_RETURN_TYPE = YES_ERROR;
				GCC_WARN_UNDECLARED_SELECTOR = YES;
				GCC_WARN_UNINITIALIZED_AUTOS = YES_AGGRESSIVE;
				GCC_WARN_UNUSED_FUNCTION = YES;
				GCC_WARN_UNUSED_VARIABLE = YES;
				IPHONEOS_DEPLOYMENT_TARGET = 10.2;
				MTL_ENABLE_DEBUG_INFO = YES;
				ONLY_ACTIVE_ARCH = YES;
				SDKROOT = iphoneos;
				SWIFT_ACTIVE_COMPILATION_CONDITIONS = DEBUG;
				SWIFT_OPTIMIZATION_LEVEL = "-Onone";
				TARGETED_DEVICE_FAMILY = "1,2";
			};
			name = Debug;
		};
		C07012B41E7C06F90062CB05 /* Release */ = {
			isa = XCBuildConfiguration;
			buildSettings = {
				ALWAYS_SEARCH_USER_PATHS = NO;
				CLANG_ANALYZER_NONNULL = YES;
				CLANG_CXX_LANGUAGE_STANDARD = "gnu++0x";
				CLANG_CXX_LIBRARY = "libc++";
				CLANG_ENABLE_MODULES = YES;
				CLANG_ENABLE_OBJC_ARC = YES;
				CLANG_WARN_BOOL_CONVERSION = YES;
				CLANG_WARN_CONSTANT_CONVERSION = YES;
				CLANG_WARN_DIRECT_OBJC_ISA_USAGE = YES_ERROR;
				CLANG_WARN_DOCUMENTATION_COMMENTS = YES;
				CLANG_WARN_EMPTY_BODY = YES;
				CLANG_WARN_ENUM_CONVERSION = YES;
				CLANG_WARN_INFINITE_RECURSION = YES;
				CLANG_WARN_INT_CONVERSION = YES;
				CLANG_WARN_OBJC_ROOT_CLASS = YES_ERROR;
				CLANG_WARN_SUSPICIOUS_MOVE = YES;
				CLANG_WARN_UNREACHABLE_CODE = YES;
				CLANG_WARN__DUPLICATE_METHOD_MATCH = YES;
				"CODE_SIGN_IDENTITY[sdk=iphoneos*]" = "iPhone Developer";
				COPY_PHASE_STRIP = NO;
				DEBUG_INFORMATION_FORMAT = "dwarf-with-dsym";
				ENABLE_NS_ASSERTIONS = NO;
				ENABLE_STRICT_OBJC_MSGSEND = YES;
				GCC_C_LANGUAGE_STANDARD = gnu99;
				GCC_NO_COMMON_BLOCKS = YES;
				GCC_WARN_64_TO_32_BIT_CONVERSION = YES;
				GCC_WARN_ABOUT_RETURN_TYPE = YES_ERROR;
				GCC_WARN_UNDECLARED_SELECTOR = YES;
				GCC_WARN_UNINITIALIZED_AUTOS = YES_AGGRESSIVE;
				GCC_WARN_UNUSED_FUNCTION = YES;
				GCC_WARN_UNUSED_VARIABLE = YES;
				IPHONEOS_DEPLOYMENT_TARGET = 10.2;
				MTL_ENABLE_DEBUG_INFO = NO;
				SDKROOT = iphoneos;
				SWIFT_OPTIMIZATION_LEVEL = "-Owholemodule";
				TARGETED_DEVICE_FAMILY = "1,2";
				VALIDATE_PRODUCT = YES;
			};
			name = Release;
		};
		C07012B61E7C06F90062CB05 /* Debug */ = {
			isa = XCBuildConfiguration;
			buildSettings = {
				ASSETCATALOG_COMPILER_APPICON_NAME = AppIcon;
				DEVELOPMENT_TEAM = X27TAC5Y26;
				INFOPLIST_FILE = page_scroll/Info.plist;
				LD_RUNPATH_SEARCH_PATHS = "$(inherited) @executable_path/Frameworks";
				PRODUCT_BUNDLE_IDENTIFIER = "com.superoo7.page-scroll";
				PRODUCT_NAME = "$(TARGET_NAME)";
				SWIFT_VERSION = 3.0;
			};
			name = Debug;
		};
		C07012B71E7C06F90062CB05 /* Release */ = {
			isa = XCBuildConfiguration;
			buildSettings = {
				ASSETCATALOG_COMPILER_APPICON_NAME = AppIcon;
				DEVELOPMENT_TEAM = X27TAC5Y26;
				INFOPLIST_FILE = page_scroll/Info.plist;
				LD_RUNPATH_SEARCH_PATHS = "$(inherited) @executable_path/Frameworks";
				PRODUCT_BUNDLE_IDENTIFIER = "com.superoo7.page-scroll";
				PRODUCT_NAME = "$(TARGET_NAME)";
				SWIFT_VERSION = 3.0;
			};
			name = Release;
		};
		C07012B91E7C06F90062CB05 /* Debug */ = {
			isa = XCBuildConfiguration;
			buildSettings = {
				ALWAYS_EMBED_SWIFT_STANDARD_LIBRARIES = YES;
				BUNDLE_LOADER = "$(TEST_HOST)";
				INFOPLIST_FILE = page_scrollTests/Info.plist;
				LD_RUNPATH_SEARCH_PATHS = "$(inherited) @executable_path/Frameworks @loader_path/Frameworks";
				PRODUCT_BUNDLE_IDENTIFIER = "com.superoo7.page-scrollTests";
				PRODUCT_NAME = "$(TARGET_NAME)";
				SWIFT_VERSION = 3.0;
				TEST_HOST = "$(BUILT_PRODUCTS_DIR)/page_scroll.app/page_scroll";
			};
			name = Debug;
		};
		C07012BA1E7C06F90062CB05 /* Release */ = {
			isa = XCBuildConfiguration;
			buildSettings = {
				ALWAYS_EMBED_SWIFT_STANDARD_LIBRARIES = YES;
				BUNDLE_LOADER = "$(TEST_HOST)";
				INFOPLIST_FILE = page_scrollTests/Info.plist;
				LD_RUNPATH_SEARCH_PATHS = "$(inherited) @executable_path/Frameworks @loader_path/Frameworks";
				PRODUCT_BUNDLE_IDENTIFIER = "com.superoo7.page-scrollTests";
				PRODUCT_NAME = "$(TARGET_NAME)";
				SWIFT_VERSION = 3.0;
				TEST_HOST = "$(BUILT_PRODUCTS_DIR)/page_scroll.app/page_scroll";
			};
			name = Release;
		};
		C07012BC1E7C06F90062CB05 /* Debug */ = {
			isa = XCBuildConfiguration;
			buildSettings = {
				ALWAYS_EMBED_SWIFT_STANDARD_LIBRARIES = YES;
				INFOPLIST_FILE = page_scrollUITests/Info.plist;
				LD_RUNPATH_SEARCH_PATHS = "$(inherited) @executable_path/Frameworks @loader_path/Frameworks";
				PRODUCT_BUNDLE_IDENTIFIER = "com.superoo7.page-scrollUITests";
				PRODUCT_NAME = "$(TARGET_NAME)";
				SWIFT_VERSION = 3.0;
				TEST_TARGET_NAME = page_scroll;
			};
			name = Debug;
		};
		C07012BD1E7C06F90062CB05 /* Release */ = {
			isa = XCBuildConfiguration;
			buildSettings = {
				ALWAYS_EMBED_SWIFT_STANDARD_LIBRARIES = YES;
				INFOPLIST_FILE = page_scrollUITests/Info.plist;
				LD_RUNPATH_SEARCH_PATHS = "$(inherited) @executable_path/Frameworks @loader_path/Frameworks";
				PRODUCT_BUNDLE_IDENTIFIER = "com.superoo7.page-scrollUITests";
				PRODUCT_NAME = "$(TARGET_NAME)";
				SWIFT_VERSION = 3.0;
				TEST_TARGET_NAME = page_scroll;
			};
			name = Release;
		};
/* End XCBuildConfiguration section */

/* Begin XCConfigurationList section */
		C07012881E7C06F80062CB05 /* Build configuration list for PBXProject "page_scroll" */ = {
			isa = XCConfigurationList;
			buildConfigurations = (
				C07012B31E7C06F90062CB05 /* Debug */,
				C07012B41E7C06F90062CB05 /* Release */,
			);
			defaultConfigurationIsVisible = 0;
			defaultConfigurationName = Release;
		};
		C07012B51E7C06F90062CB05 /* Build configuration list for PBXNativeTarget "page_scroll" */ = {
			isa = XCConfigurationList;
			buildConfigurations = (
				C07012B61E7C06F90062CB05 /* Debug */,
				C07012B71E7C06F90062CB05 /* Release */,
			);
			defaultConfigurationIsVisible = 0;
			defaultConfigurationName = Release;
		};
		C07012B81E7C06F90062CB05 /* Build configuration list for PBXNativeTarget "page_scrollTests" */ = {
			isa = XCConfigurationList;
			buildConfigurations = (
				C07012B91E7C06F90062CB05 /* Debug */,
				C07012BA1E7C06F90062CB05 /* Release */,
			);
			defaultConfigurationIsVisible = 0;
			defaultConfigurationName = Release;
		};
		C07012BB1E7C06F90062CB05 /* Build configuration list for PBXNativeTarget "page_scrollUITests" */ = {
			isa = XCConfigurationList;
			buildConfigurations = (
				C07012BC1E7C06F90062CB05 /* Debug */,
				C07012BD1E7C06F90062CB05 /* Release */,
			);
			defaultConfigurationIsVisible = 0;
			defaultConfigurationName = Release;
		};
/* End XCConfigurationList section */
	};
	rootObject = C07012851E7C06F80062CB05 /* Project object */;
}
