// !$*UTF8*$!
{
	archiveVersion = 1;
	classes = {
	};
	objectVersion = 46;
	objects = {

/* Begin PBXBuildFile section */
		C050E3801EEC3F1A0062E384 /* csv.swift in Sources */ = {isa = PBXBuildFile; fileRef = C050E37F1EEC3F1A0062E384 /* csv.swift */; };
		C0764B0F1EECFB89004353E7 /* pokemon.ttf in Resources */ = {isa = PBXBuildFile; fileRef = C0764B0E1EECFB89004353E7 /* pokemon.ttf */; };
		C0764B141EECFF6C004353E7 /* music.mp3 in Resources */ = {isa = PBXBuildFile; fileRef = C0764B131EECFF6C004353E7 /* music.mp3 */; };
		C0764B161EED0A87004353E7 /* PokemonDetailVCViewController.swift in Sources */ = {isa = PBXBuildFile; fileRef = C0764B151EED0A87004353E7 /* PokemonDetailVCViewController.swift */; };
		C0CCFEFF1ED355FC00026FEF /* AppDelegate.swift in Sources */ = {isa = PBXBuildFile; fileRef = C0CCFEFE1ED355FC00026FEF /* AppDelegate.swift */; };
		C0CCFF011ED355FC00026FEF /* ViewController.swift in Sources */ = {isa = PBXBuildFile; fileRef = C0CCFF001ED355FC00026FEF /* ViewController.swift */; };
		C0CCFF041ED355FC00026FEF /* Main.storyboard in Resources */ = {isa = PBXBuildFile; fileRef = C0CCFF021ED355FC00026FEF /* Main.storyboard */; };
		C0CCFF061ED355FC00026FEF /* Assets.xcassets in Resources */ = {isa = PBXBuildFile; fileRef = C0CCFF051ED355FC00026FEF /* Assets.xcassets */; };
		C0CCFF091ED355FC00026FEF /* LaunchScreen.storyboard in Resources */ = {isa = PBXBuildFile; fileRef = C0CCFF071ED355FC00026FEF /* LaunchScreen.storyboard */; };
		C0CCFF111ED3599B00026FEF /* pokemon.csv in Resources */ = {isa = PBXBuildFile; fileRef = C0CCFF101ED3599B00026FEF /* pokemon.csv */; };
		C0CCFF141ED35A5100026FEF /* Pokemon.swift in Sources */ = {isa = PBXBuildFile; fileRef = C0CCFF131ED35A5100026FEF /* Pokemon.swift */; };
		C0CCFF171ED3B5A600026FEF /* PokeCell.swift in Sources */ = {isa = PBXBuildFile; fileRef = C0CCFF161ED3B5A600026FEF /* PokeCell.swift */; };
/* End PBXBuildFile section */

/* Begin PBXFileReference section */
		C050E37F1EEC3F1A0062E384 /* csv.swift */ = {isa = PBXFileReference; fileEncoding = 4; lastKnownFileType = sourcecode.swift; path = csv.swift; sourceTree = "<group>"; };
		C0764B0E1EECFB89004353E7 /* pokemon.ttf */ = {isa = PBXFileReference; lastKnownFileType = file; path = pokemon.ttf; sourceTree = "<group>"; };
		C0764B131EECFF6C004353E7 /* music.mp3 */ = {isa = PBXFileReference; lastKnownFileType = audio.mp3; path = music.mp3; sourceTree = "<group>"; };
		C0764B151EED0A87004353E7 /* PokemonDetailVCViewController.swift */ = {isa = PBXFileReference; fileEncoding = 4; lastKnownFileType = sourcecode.swift; path = PokemonDetailVCViewController.swift; sourceTree = "<group>"; };
		C0CCFEFB1ED355FC00026FEF /* pokedex.app */ = {isa = PBXFileReference; explicitFileType = wrapper.application; includeInIndex = 0; path = pokedex.app; sourceTree = BUILT_PRODUCTS_DIR; };
		C0CCFEFE1ED355FC00026FEF /* AppDelegate.swift */ = {isa = PBXFileReference; lastKnownFileType = sourcecode.swift; path = AppDelegate.swift; sourceTree = "<group>"; };
		C0CCFF001ED355FC00026FEF /* ViewController.swift */ = {isa = PBXFileReference; lastKnownFileType = sourcecode.swift; path = ViewController.swift; sourceTree = "<group>"; };
		C0CCFF031ED355FC00026FEF /* Base */ = {isa = PBXFileReference; lastKnownFileType = file.storyboard; name = Base; path = Base.lproj/Main.storyboard; sourceTree = "<group>"; };
		C0CCFF051ED355FC00026FEF /* Assets.xcassets */ = {isa = PBXFileReference; lastKnownFileType = folder.assetcatalog; path = Assets.xcassets; sourceTree = "<group>"; };
		C0CCFF081ED355FC00026FEF /* Base */ = {isa = PBXFileReference; lastKnownFileType = file.storyboard; name = Base; path = Base.lproj/LaunchScreen.storyboard; sourceTree = "<group>"; };
		C0CCFF0A1ED355FC00026FEF /* Info.plist */ = {isa = PBXFileReference; lastKnownFileType = text.plist.xml; path = Info.plist; sourceTree = "<group>"; };
		C0CCFF101ED3599B00026FEF /* pokemon.csv */ = {isa = PBXFileReference; fileEncoding = 4; lastKnownFileType = text; path = pokemon.csv; sourceTree = "<group>"; };
		C0CCFF131ED35A5100026FEF /* Pokemon.swift */ = {isa = PBXFileReference; fileEncoding = 4; lastKnownFileType = sourcecode.swift; path = Pokemon.swift; sourceTree = "<group>"; };
		C0CCFF161ED3B5A600026FEF /* PokeCell.swift */ = {isa = PBXFileReference; fileEncoding = 4; lastKnownFileType = sourcecode.swift; path = PokeCell.swift; sourceTree = "<group>"; };
/* End PBXFileReference section */

/* Begin PBXFrameworksBuildPhase section */
		C0CCFEF81ED355FC00026FEF /* Frameworks */ = {
			isa = PBXFrameworksBuildPhase;
			buildActionMask = 2147483647;
			files = (
			);
			runOnlyForDeploymentPostprocessing = 0;
		};
/* End PBXFrameworksBuildPhase section */

/* Begin PBXGroup section */
		C0764B101EECFBAB004353E7 /* Controller */ = {
			isa = PBXGroup;
			children = (
				C0CCFF001ED355FC00026FEF /* ViewController.swift */,
				C0764B151EED0A87004353E7 /* PokemonDetailVCViewController.swift */,
			);
			name = Controller;
			sourceTree = "<group>";
		};
		C0764B111EECFBB4004353E7 /* Resources */ = {
			isa = PBXGroup;
			children = (
				C0764B0E1EECFB89004353E7 /* pokemon.ttf */,
				C0764B131EECFF6C004353E7 /* music.mp3 */,
				C0CCFF101ED3599B00026FEF /* pokemon.csv */,
			);
			name = Resources;
			sourceTree = "<group>";
		};
		C0764B121EECFBCB004353E7 /* Util */ = {
			isa = PBXGroup;
			children = (
				C050E37F1EEC3F1A0062E384 /* csv.swift */,
			);
			name = Util;
			sourceTree = "<group>";
		};
		C0CCFEF21ED355FC00026FEF = {
			isa = PBXGroup;
			children = (
				C0CCFEFD1ED355FC00026FEF /* pokedex */,
				C0CCFEFC1ED355FC00026FEF /* Products */,
			);
			sourceTree = "<group>";
		};
		C0CCFEFC1ED355FC00026FEF /* Products */ = {
			isa = PBXGroup;
			children = (
				C0CCFEFB1ED355FC00026FEF /* pokedex.app */,
			);
			name = Products;
			sourceTree = "<group>";
		};
		C0CCFEFD1ED355FC00026FEF /* pokedex */ = {
			isa = PBXGroup;
			children = (
				C0764B121EECFBCB004353E7 /* Util */,
				C0764B111EECFBB4004353E7 /* Resources */,
				C0CCFF121ED35A4000026FEF /* Model */,
				C0CCFF151ED3B56500026FEF /* View */,
				C0764B101EECFBAB004353E7 /* Controller */,
				C0CCFEFE1ED355FC00026FEF /* AppDelegate.swift */,
				C0CCFF021ED355FC00026FEF /* Main.storyboard */,
				C0CCFF051ED355FC00026FEF /* Assets.xcassets */,
				C0CCFF071ED355FC00026FEF /* LaunchScreen.storyboard */,
				C0CCFF0A1ED355FC00026FEF /* Info.plist */,
			);
			path = pokedex;
			sourceTree = "<group>";
		};
		C0CCFF121ED35A4000026FEF /* Model */ = {
			isa = PBXGroup;
			children = (
				C0CCFF131ED35A5100026FEF /* Pokemon.swift */,
			);
			name = Model;
			sourceTree = "<group>";
		};
		C0CCFF151ED3B56500026FEF /* View */ = {
			isa = PBXGroup;
			children = (
				C0CCFF161ED3B5A600026FEF /* PokeCell.swift */,
			);
			name = View;
			sourceTree = "<group>";
		};
/* End PBXGroup section */

/* Begin PBXNativeTarget section */
		C0CCFEFA1ED355FC00026FEF /* pokedex */ = {
			isa = PBXNativeTarget;
			buildConfigurationList = C0CCFF0D1ED355FC00026FEF /* Build configuration list for PBXNativeTarget "pokedex" */;
			buildPhases = (
				C0CCFEF71ED355FC00026FEF /* Sources */,
				C0CCFEF81ED355FC00026FEF /* Frameworks */,
				C0CCFEF91ED355FC00026FEF /* Resources */,
			);
			buildRules = (
			);
			dependencies = (
			);
			name = pokedex;
			productName = pokedex;
			productReference = C0CCFEFB1ED355FC00026FEF /* pokedex.app */;
			productType = "com.apple.product-type.application";
		};
/* End PBXNativeTarget section */

/* Begin PBXProject section */
		C0CCFEF31ED355FC00026FEF /* Project object */ = {
			isa = PBXProject;
			attributes = {
				LastSwiftUpdateCheck = 0830;
				LastUpgradeCheck = 0830;
				ORGANIZATIONNAME = johnsonlwh7;
				TargetAttributes = {
					C0CCFEFA1ED355FC00026FEF = {
						CreatedOnToolsVersion = 8.3.2;
						DevelopmentTeam = V548K946KK;
						LastSwiftMigration = 0830;
						ProvisioningStyle = Automatic;
					};
				};
			};
			buildConfigurationList = C0CCFEF61ED355FC00026FEF /* Build configuration list for PBXProject "pokedex" */;
			compatibilityVersion = "Xcode 3.2";
			developmentRegion = English;
			hasScannedForEncodings = 0;
			knownRegions = (
				en,
				Base,
			);
			mainGroup = C0CCFEF21ED355FC00026FEF;
			productRefGroup = C0CCFEFC1ED355FC00026FEF /* Products */;
			projectDirPath = "";
			projectRoot = "";
			targets = (
				C0CCFEFA1ED355FC00026FEF /* pokedex */,
			);
		};
/* End PBXProject section */

/* Begin PBXResourcesBuildPhase section */
		C0CCFEF91ED355FC00026FEF /* Resources */ = {
			isa = PBXResourcesBuildPhase;
			buildActionMask = 2147483647;
			files = (
				C0764B0F1EECFB89004353E7 /* pokemon.ttf in Resources */,
				C0CCFF091ED355FC00026FEF /* LaunchScreen.storyboard in Resources */,
				C0764B141EECFF6C004353E7 /* music.mp3 in Resources */,
				C0CCFF061ED355FC00026FEF /* Assets.xcassets in Resources */,
				C0CCFF111ED3599B00026FEF /* pokemon.csv in Resources */,
				C0CCFF041ED355FC00026FEF /* Main.storyboard in Resources */,
			);
			runOnlyForDeploymentPostprocessing = 0;
		};
/* End PBXResourcesBuildPhase section */

/* Begin PBXSourcesBuildPhase section */
		C0CCFEF71ED355FC00026FEF /* Sources */ = {
			isa = PBXSourcesBuildPhase;
			buildActionMask = 2147483647;
			files = (
				C0CCFF171ED3B5A600026FEF /* PokeCell.swift in Sources */,
				C0CCFF011ED355FC00026FEF /* ViewController.swift in Sources */,
				C0764B161EED0A87004353E7 /* PokemonDetailVCViewController.swift in Sources */,
				C0CCFEFF1ED355FC00026FEF /* AppDelegate.swift in Sources */,
				C0CCFF141ED35A5100026FEF /* Pokemon.swift in Sources */,
				C050E3801EEC3F1A0062E384 /* csv.swift in Sources */,
			);
			runOnlyForDeploymentPostprocessing = 0;
		};
/* End PBXSourcesBuildPhase section */

/* Begin PBXVariantGroup section */
		C0CCFF021ED355FC00026FEF /* Main.storyboard */ = {
			isa = PBXVariantGroup;
			children = (
				C0CCFF031ED355FC00026FEF /* Base */,
			);
			name = Main.storyboard;
			sourceTree = "<group>";
		};
		C0CCFF071ED355FC00026FEF /* LaunchScreen.storyboard */ = {
			isa = PBXVariantGroup;
			children = (
				C0CCFF081ED355FC00026FEF /* Base */,
			);
			name = LaunchScreen.storyboard;
			sourceTree = "<group>";
		};
/* End PBXVariantGroup section */

/* Begin XCBuildConfiguration section */
		C0CCFF0B1ED355FC00026FEF /* Debug */ = {
			isa = XCBuildConfiguration;
			buildSettings = {
				ALWAYS_SEARCH_USER_PATHS = NO;
				CLANG_ANALYZER_NONNULL = YES;
				CLANG_ANALYZER_NUMBER_OBJECT_CONVERSION = YES_AGGRESSIVE;
				CLANG_CXX_LANGUAGE_STANDARD = "gnu++0x";
				CLANG_CXX_LIBRARY = "libc++";
				CLANG_ENABLE_MODULES = YES;
				CLANG_ENABLE_OBJC_ARC = YES;
				CLANG_WARN_BOOL_CONVERSION = YES;
				CLANG_WARN_CONSTANT_CONVERSION = YES;
				CLANG_WARN_DIRECT_OBJC_ISA_USAGE = YES_ERROR;
				CLANG_WARN_DOCUMENTATION_COMMENTS = YES;
				CLANG_WARN_EMPTY_BODY = YES;
				CLANG_WARN_ENUM_CONVERSION = YES;
				CLANG_WARN_INFINITE_RECURSION = YES;
				CLANG_WARN_INT_CONVERSION = YES;
				CLANG_WARN_OBJC_ROOT_CLASS = YES_ERROR;
				CLANG_WARN_SUSPICIOUS_MOVE = YES;
				CLANG_WARN_UNREACHABLE_CODE = YES;
				CLANG_WARN__DUPLICATE_METHOD_MATCH = YES;
				"CODE_SIGN_IDENTITY[sdk=iphoneos*]" = "iPhone Developer";
				COPY_PHASE_STRIP = NO;
				DEBUG_INFORMATION_FORMAT = dwarf;
				ENABLE_STRICT_OBJC_MSGSEND = YES;
				ENABLE_TESTABILITY = YES;
				GCC_C_LANGUAGE_STANDARD = gnu99;
				GCC_DYNAMIC_NO_PIC = NO;
				GCC_NO_COMMON_BLOCKS = YES;
				GCC_OPTIMIZATION_LEVEL = 0;
				GCC_PREPROCESSOR_DEFINITIONS = (
					"DEBUG=1",
					"$(inherited)",
				);
				GCC_WARN_64_TO_32_BIT_CONVERSION = YES;
				GCC_WARN_ABOUT_RETURN_TYPE = YES_ERROR;
				GCC_WARN_UNDECLARED_SELECTOR = YES;
				GCC_WARN_UNINITIALIZED_AUTOS = YES_AGGRESSIVE;
				GCC_WARN_UNUSED_FUNCTION = YES;
				GCC_WARN_UNUSED_VARIABLE = YES;
				IPHONEOS_DEPLOYMENT_TARGET = 10.3;
				MTL_ENABLE_DEBUG_INFO = YES;
				ONLY_ACTIVE_ARCH = YES;
				SDKROOT = iphoneos;
				SWIFT_ACTIVE_COMPILATION_CONDITIONS = DEBUG;
				SWIFT_OPTIMIZATION_LEVEL = "-Onone";
				TARGETED_DEVICE_FAMILY = "1,2";
			};
			name = Debug;
		};
		C0CCFF0C1ED355FC00026FEF /* Release */ = {
			isa = XCBuildConfiguration;
			buildSettings = {
				ALWAYS_SEARCH_USER_PATHS = NO;
				CLANG_ANALYZER_NONNULL = YES;
				CLANG_ANALYZER_NUMBER_OBJECT_CONVERSION = YES_AGGRESSIVE;
				CLANG_CXX_LANGUAGE_STANDARD = "gnu++0x";
				CLANG_CXX_LIBRARY = "libc++";
				CLANG_ENABLE_MODULES = YES;
				CLANG_ENABLE_OBJC_ARC = YES;
				CLANG_WARN_BOOL_CONVERSION = YES;
				CLANG_WARN_CONSTANT_CONVERSION = YES;
				CLANG_WARN_DIRECT_OBJC_ISA_USAGE = YES_ERROR;
				CLANG_WARN_DOCUMENTATION_COMMENTS = YES;
				CLANG_WARN_EMPTY_BODY = YES;
				CLANG_WARN_ENUM_CONVERSION = YES;
				CLANG_WARN_INFINITE_RECURSION = YES;
				CLANG_WARN_INT_CONVERSION = YES;
				CLANG_WARN_OBJC_ROOT_CLASS = YES_ERROR;
				CLANG_WARN_SUSPICIOUS_MOVE = YES;
				CLANG_WARN_UNREACHABLE_CODE = YES;
				CLANG_WARN__DUPLICATE_METHOD_MATCH = YES;
				"CODE_SIGN_IDENTITY[sdk=iphoneos*]" = "iPhone Developer";
				COPY_PHASE_STRIP = NO;
				DEBUG_INFORMATION_FORMAT = "dwarf-with-dsym";
				ENABLE_NS_ASSERTIONS = NO;
				ENABLE_STRICT_OBJC_MSGSEND = YES;
				GCC_C_LANGUAGE_STANDARD = gnu99;
				GCC_NO_COMMON_BLOCKS = YES;
				GCC_WARN_64_TO_32_BIT_CONVERSION = YES;
				GCC_WARN_ABOUT_RETURN_TYPE = YES_ERROR;
				GCC_WARN_UNDECLARED_SELECTOR = YES;
				GCC_WARN_UNINITIALIZED_AUTOS = YES_AGGRESSIVE;
				GCC_WARN_UNUSED_FUNCTION = YES;
				GCC_WARN_UNUSED_VARIABLE = YES;
				IPHONEOS_DEPLOYMENT_TARGET = 10.3;
				MTL_ENABLE_DEBUG_INFO = NO;
				SDKROOT = iphoneos;
				SWIFT_OPTIMIZATION_LEVEL = "-Owholemodule";
				TARGETED_DEVICE_FAMILY = "1,2";
				VALIDATE_PRODUCT = YES;
			};
			name = Release;
		};
		C0CCFF0E1ED355FC00026FEF /* Debug */ = {
			isa = XCBuildConfiguration;
			buildSettings = {
				ASSETCATALOG_COMPILER_APPICON_NAME = AppIcon;
				DEVELOPMENT_TEAM = V548K946KK;
				INFOPLIST_FILE = pokedex/Info.plist;
				LD_RUNPATH_SEARCH_PATHS = "$(inherited) @executable_path/Frameworks";
				PRODUCT_BUNDLE_IDENTIFIER = com.johnsonlwh7.learn.pokedex;
				PRODUCT_NAME = "$(TARGET_NAME)";
				SWIFT_VERSION = 3.0;
			};
			name = Debug;
		};
		C0CCFF0F1ED355FC00026FEF /* Release */ = {
			isa = XCBuildConfiguration;
			buildSettings = {
				ASSETCATALOG_COMPILER_APPICON_NAME = AppIcon;
				DEVELOPMENT_TEAM = V548K946KK;
				INFOPLIST_FILE = pokedex/Info.plist;
				LD_RUNPATH_SEARCH_PATHS = "$(inherited) @executable_path/Frameworks";
				PRODUCT_BUNDLE_IDENTIFIER = com.johnsonlwh7.learn.pokedex;
				PRODUCT_NAME = "$(TARGET_NAME)";
				SWIFT_VERSION = 3.0;
			};
			name = Release;
		};
/* End XCBuildConfiguration section */

/* Begin XCConfigurationList section */
		C0CCFEF61ED355FC00026FEF /* Build configuration list for PBXProject "pokedex" */ = {
			isa = XCConfigurationList;
			buildConfigurations = (
				C0CCFF0B1ED355FC00026FEF /* Debug */,
				C0CCFF0C1ED355FC00026FEF /* Release */,
			);
			defaultConfigurationIsVisible = 0;
			defaultConfigurationName = Release;
		};
		C0CCFF0D1ED355FC00026FEF /* Build configuration list for PBXNativeTarget "pokedex" */ = {
			isa = XCConfigurationList;
			buildConfigurations = (
				C0CCFF0E1ED355FC00026FEF /* Debug */,
				C0CCFF0F1ED355FC00026FEF /* Release */,
			);
			defaultConfigurationIsVisible = 0;
			defaultConfigurationName = Release;
		};
/* End XCConfigurationList section */
	};
	rootObject = C0CCFEF31ED355FC00026FEF /* Project object */;
}
