// !$*UTF8*$!
{
	archiveVersion = 1;
	classes = {
	};
	objectVersion = 46;
	objects = {

/* Begin PBXBuildFile section */
		C02107AF1ED85F02009D4CC1 /* AppDelegate.swift in Sources */ = {isa = PBXBuildFile; fileRef = C02107AE1ED85F02009D4CC1 /* AppDelegate.swift */; };
		C02107B11ED85F02009D4CC1 /* ViewController.swift in Sources */ = {isa = PBXBuildFile; fileRef = C02107B01ED85F02009D4CC1 /* ViewController.swift */; };
		C02107B41ED85F02009D4CC1 /* Main.storyboard in Resources */ = {isa = PBXBuildFile; fileRef = C02107B21ED85F02009D4CC1 /* Main.storyboard */; };
		C02107B61ED85F02009D4CC1 /* Assets.xcassets in Resources */ = {isa = PBXBuildFile; fileRef = C02107B51ED85F02009D4CC1 /* Assets.xcassets */; };
		C02107B91ED85F02009D4CC1 /* LaunchScreen.storyboard in Resources */ = {isa = PBXBuildFile; fileRef = C02107B71ED85F02009D4CC1 /* LaunchScreen.storyboard */; };
/* End PBXBuildFile section */

/* Begin PBXFileReference section */
		C02107AB1ED85F02009D4CC1 /* Bull-Eye.app */ = {isa = PBXFileReference; explicitFileType = wrapper.application; includeInIndex = 0; path = "Bull-Eye.app"; sourceTree = BUILT_PRODUCTS_DIR; };
		C02107AE1ED85F02009D4CC1 /* AppDelegate.swift */ = {isa = PBXFileReference; lastKnownFileType = sourcecode.swift; path = AppDelegate.swift; sourceTree = "<group>"; };
		C02107B01ED85F02009D4CC1 /* ViewController.swift */ = {isa = PBXFileReference; lastKnownFileType = sourcecode.swift; path = ViewController.swift; sourceTree = "<group>"; };
		C02107B31ED85F02009D4CC1 /* Base */ = {isa = PBXFileReference; lastKnownFileType = file.storyboard; name = Base; path = Base.lproj/Main.storyboard; sourceTree = "<group>"; };
		C02107B51ED85F02009D4CC1 /* Assets.xcassets */ = {isa = PBXFileReference; lastKnownFileType = folder.assetcatalog; path = Assets.xcassets; sourceTree = "<group>"; };
		C02107B81ED85F02009D4CC1 /* Base */ = {isa = PBXFileReference; lastKnownFileType = file.storyboard; name = Base; path = Base.lproj/LaunchScreen.storyboard; sourceTree = "<group>"; };
		C02107BA1ED85F02009D4CC1 /* Info.plist */ = {isa = PBXFileReference; lastKnownFileType = text.plist.xml; path = Info.plist; sourceTree = "<group>"; };
/* End PBXFileReference section */

/* Begin PBXFrameworksBuildPhase section */
		C02107A81ED85F02009D4CC1 /* Frameworks */ = {
			isa = PBXFrameworksBuildPhase;
			buildActionMask = 2147483647;
			files = (
			);
			runOnlyForDeploymentPostprocessing = 0;
		};
/* End PBXFrameworksBuildPhase section */

/* Begin PBXGroup section */
		C02107A21ED85F02009D4CC1 = {
			isa = PBXGroup;
			children = (
				C02107AD1ED85F02009D4CC1 /* Bull-Eye */,
				C02107AC1ED85F02009D4CC1 /* Products */,
			);
			sourceTree = "<group>";
		};
		C02107AC1ED85F02009D4CC1 /* Products */ = {
			isa = PBXGroup;
			children = (
				C02107AB1ED85F02009D4CC1 /* Bull-Eye.app */,
			);
			name = Products;
			sourceTree = "<group>";
		};
		C02107AD1ED85F02009D4CC1 /* Bull-Eye */ = {
			isa = PBXGroup;
			children = (
				C02107AE1ED85F02009D4CC1 /* AppDelegate.swift */,
				C02107B01ED85F02009D4CC1 /* ViewController.swift */,
				C02107B21ED85F02009D4CC1 /* Main.storyboard */,
				C02107B51ED85F02009D4CC1 /* Assets.xcassets */,
				C02107B71ED85F02009D4CC1 /* LaunchScreen.storyboard */,
				C02107BA1ED85F02009D4CC1 /* Info.plist */,
			);
			path = "Bull-Eye";
			sourceTree = "<group>";
		};
/* End PBXGroup section */

/* Begin PBXNativeTarget section */
		C02107AA1ED85F02009D4CC1 /* Bull-Eye */ = {
			isa = PBXNativeTarget;
			buildConfigurationList = C02107BD1ED85F02009D4CC1 /* Build configuration list for PBXNativeTarget "Bull-Eye" */;
			buildPhases = (
				C02107A71ED85F02009D4CC1 /* Sources */,
				C02107A81ED85F02009D4CC1 /* Frameworks */,
				C02107A91ED85F02009D4CC1 /* Resources */,
			);
			buildRules = (
			);
			dependencies = (
			);
			name = "Bull-Eye";
			productName = "Bull-Eye";
			productReference = C02107AB1ED85F02009D4CC1 /* Bull-Eye.app */;
			productType = "com.apple.product-type.application";
		};
/* End PBXNativeTarget section */

/* Begin PBXProject section */
		C02107A31ED85F02009D4CC1 /* Project object */ = {
			isa = PBXProject;
			attributes = {
				LastSwiftUpdateCheck = 0830;
				LastUpgradeCheck = 0830;
				ORGANIZATIONNAME = johnsonlwh7;
				TargetAttributes = {
					C02107AA1ED85F02009D4CC1 = {
						CreatedOnToolsVersion = 8.3.2;
						DevelopmentTeam = V548K946KK;
						ProvisioningStyle = Automatic;
					};
				};
			};
			buildConfigurationList = C02107A61ED85F02009D4CC1 /* Build configuration list for PBXProject "Bull-Eye" */;
			compatibilityVersion = "Xcode 3.2";
			developmentRegion = English;
			hasScannedForEncodings = 0;
			knownRegions = (
				en,
				Base,
			);
			mainGroup = C02107A21ED85F02009D4CC1;
			productRefGroup = C02107AC1ED85F02009D4CC1 /* Products */;
			projectDirPath = "";
			projectRoot = "";
			targets = (
				C02107AA1ED85F02009D4CC1 /* Bull-Eye */,
			);
		};
/* End PBXProject section */

/* Begin PBXResourcesBuildPhase section */
		C02107A91ED85F02009D4CC1 /* Resources */ = {
			isa = PBXResourcesBuildPhase;
			buildActionMask = 2147483647;
			files = (
				C02107B91ED85F02009D4CC1 /* LaunchScreen.storyboard in Resources */,
				C02107B61ED85F02009D4CC1 /* Assets.xcassets in Resources */,
				C02107B41ED85F02009D4CC1 /* Main.storyboard in Resources */,
			);
			runOnlyForDeploymentPostprocessing = 0;
		};
/* End PBXResourcesBuildPhase section */

/* Begin PBXSourcesBuildPhase section */
		C02107A71ED85F02009D4CC1 /* Sources */ = {
			isa = PBXSourcesBuildPhase;
			buildActionMask = 2147483647;
			files = (
				C02107B11ED85F02009D4CC1 /* ViewController.swift in Sources */,
				C02107AF1ED85F02009D4CC1 /* AppDelegate.swift in Sources */,
			);
			runOnlyForDeploymentPostprocessing = 0;
		};
/* End PBXSourcesBuildPhase section */

/* Begin PBXVariantGroup section */
		C02107B21ED85F02009D4CC1 /* Main.storyboard */ = {
			isa = PBXVariantGroup;
			children = (
				C02107B31ED85F02009D4CC1 /* Base */,
			);
			name = Main.storyboard;
			sourceTree = "<group>";
		};
		C02107B71ED85F02009D4CC1 /* LaunchScreen.storyboard */ = {
			isa = PBXVariantGroup;
			children = (
				C02107B81ED85F02009D4CC1 /* Base */,
			);
			name = LaunchScreen.storyboard;
			sourceTree = "<group>";
		};
/* End PBXVariantGroup section */

/* Begin XCBuildConfiguration section */
		C02107BB1ED85F02009D4CC1 /* Debug */ = {
			isa = XCBuildConfiguration;
			buildSettings = {
				ALWAYS_SEARCH_USER_PATHS = NO;
				CLANG_ANALYZER_NONNULL = YES;
				CLANG_ANALYZER_NUMBER_OBJECT_CONVERSION = YES_AGGRESSIVE;
				CLANG_CXX_LANGUAGE_STANDARD = "gnu++0x";
				CLANG_CXX_LIBRARY = "libc++";
				CLANG_ENABLE_MODULES = YES;
				CLANG_ENABLE_OBJC_ARC = YES;
				CLANG_WARN_BOOL_CONVERSION = YES;
				CLANG_WARN_CONSTANT_CONVERSION = YES;
				CLANG_WARN_DIRECT_OBJC_ISA_USAGE = YES_ERROR;
				CLANG_WARN_DOCUMENTATION_COMMENTS = YES;
				CLANG_WARN_EMPTY_BODY = YES;
				CLANG_WARN_ENUM_CONVERSION = YES;
				CLANG_WARN_INFINITE_RECURSION = YES;
				CLANG_WARN_INT_CONVERSION = YES;
				CLANG_WARN_OBJC_ROOT_CLASS = YES_ERROR;
				CLANG_WARN_SUSPICIOUS_MOVE = YES;
				CLANG_WARN_UNREACHABLE_CODE = YES;
				CLANG_WARN__DUPLICATE_METHOD_MATCH = YES;
				"CODE_SIGN_IDENTITY[sdk=iphoneos*]" = "iPhone Developer";
				COPY_PHASE_STRIP = NO;
				DEBUG_INFORMATION_FORMAT = dwarf;
				ENABLE_STRICT_OBJC_MSGSEND = YES;
				ENABLE_TESTABILITY = YES;
				GCC_C_LANGUAGE_STANDARD = gnu99;
				GCC_DYNAMIC_NO_PIC = NO;
				GCC_NO_COMMON_BLOCKS = YES;
				GCC_OPTIMIZATION_LEVEL = 0;
				GCC_PREPROCESSOR_DEFINITIONS = (
					"DEBUG=1",
					"$(inherited)",
				);
				GCC_WARN_64_TO_32_BIT_CONVERSION = YES;
				GCC_WARN_ABOUT_RETURN_TYPE = YES_ERROR;
				GCC_WARN_UNDECLARED_SELECTOR = YES;
				GCC_WARN_UNINITIALIZED_AUTOS = YES_AGGRESSIVE;
				GCC_WARN_UNUSED_FUNCTION = YES;
				GCC_WARN_UNUSED_VARIABLE = YES;
				IPHONEOS_DEPLOYMENT_TARGET = 10.3;
				MTL_ENABLE_DEBUG_INFO = YES;
				ONLY_ACTIVE_ARCH = YES;
				SDKROOT = iphoneos;
				SWIFT_ACTIVE_COMPILATION_CONDITIONS = DEBUG;
				SWIFT_OPTIMIZATION_LEVEL = "-Onone";
				TARGETED_DEVICE_FAMILY = "1,2";
			};
			name = Debug;
		};
		C02107BC1ED85F02009D4CC1 /* Release */ = {
			isa = XCBuildConfiguration;
			buildSettings = {
				ALWAYS_SEARCH_USER_PATHS = NO;
				CLANG_ANALYZER_NONNULL = YES;
				CLANG_ANALYZER_NUMBER_OBJECT_CONVERSION = YES_AGGRESSIVE;
				CLANG_CXX_LANGUAGE_STANDARD = "gnu++0x";
				CLANG_CXX_LIBRARY = "libc++";
				CLANG_ENABLE_MODULES = YES;
				CLANG_ENABLE_OBJC_ARC = YES;
				CLANG_WARN_BOOL_CONVERSION = YES;
				CLANG_WARN_CONSTANT_CONVERSION = YES;
				CLANG_WARN_DIRECT_OBJC_ISA_USAGE = YES_ERROR;
				CLANG_WARN_DOCUMENTATION_COMMENTS = YES;
				CLANG_WARN_EMPTY_BODY = YES;
				CLANG_WARN_ENUM_CONVERSION = YES;
				CLANG_WARN_INFINITE_RECURSION = YES;
				CLANG_WARN_INT_CONVERSION = YES;
				CLANG_WARN_OBJC_ROOT_CLASS = YES_ERROR;
				CLANG_WARN_SUSPICIOUS_MOVE = YES;
				CLANG_WARN_UNREACHABLE_CODE = YES;
				CLANG_WARN__DUPLICATE_METHOD_MATCH = YES;
				"CODE_SIGN_IDENTITY[sdk=iphoneos*]" = "iPhone Developer";
				COPY_PHASE_STRIP = NO;
				DEBUG_INFORMATION_FORMAT = "dwarf-with-dsym";
				ENABLE_NS_ASSERTIONS = NO;
				ENABLE_STRICT_OBJC_MSGSEND = YES;
				GCC_C_LANGUAGE_STANDARD = gnu99;
				GCC_NO_COMMON_BLOCKS = YES;
				GCC_WARN_64_TO_32_BIT_CONVERSION = YES;
				GCC_WARN_ABOUT_RETURN_TYPE = YES_ERROR;
				GCC_WARN_UNDECLARED_SELECTOR = YES;
				GCC_WARN_UNINITIALIZED_AUTOS = YES_AGGRESSIVE;
				GCC_WARN_UNUSED_FUNCTION = YES;
				GCC_WARN_UNUSED_VARIABLE = YES;
				IPHONEOS_DEPLOYMENT_TARGET = 10.3;
				MTL_ENABLE_DEBUG_INFO = NO;
				SDKROOT = iphoneos;
				SWIFT_OPTIMIZATION_LEVEL = "-Owholemodule";
				TARGETED_DEVICE_FAMILY = "1,2";
				VALIDATE_PRODUCT = YES;
			};
			name = Release;
		};
		C02107BE1ED85F02009D4CC1 /* Debug */ = {
			isa = XCBuildConfiguration;
			buildSettings = {
				ASSETCATALOG_COMPILER_APPICON_NAME = AppIcon;
				DEVELOPMENT_TEAM = V548K946KK;
				INFOPLIST_FILE = "Bull-Eye/Info.plist";
				LD_RUNPATH_SEARCH_PATHS = "$(inherited) @executable_path/Frameworks";
				PRODUCT_BUNDLE_IDENTIFIER = "com.johnsonlwh7.learn.Bull-Eye";
				PRODUCT_NAME = "$(TARGET_NAME)";
				SWIFT_VERSION = 3.0;
			};
			name = Debug;
		};
		C02107BF1ED85F02009D4CC1 /* Release */ = {
			isa = XCBuildConfiguration;
			buildSettings = {
				ASSETCATALOG_COMPILER_APPICON_NAME = AppIcon;
				DEVELOPMENT_TEAM = V548K946KK;
				INFOPLIST_FILE = "Bull-Eye/Info.plist";
				LD_RUNPATH_SEARCH_PATHS = "$(inherited) @executable_path/Frameworks";
				PRODUCT_BUNDLE_IDENTIFIER = "com.johnsonlwh7.learn.Bull-Eye";
				PRODUCT_NAME = "$(TARGET_NAME)";
				SWIFT_VERSION = 3.0;
			};
			name = Release;
		};
/* End XCBuildConfiguration section */

/* Begin XCConfigurationList section */
		C02107A61ED85F02009D4CC1 /* Build configuration list for PBXProject "Bull-Eye" */ = {
			isa = XCConfigurationList;
			buildConfigurations = (
				C02107BB1ED85F02009D4CC1 /* Debug */,
				C02107BC1ED85F02009D4CC1 /* Release */,
			);
			defaultConfigurationIsVisible = 0;
			defaultConfigurationName = Release;
		};
		C02107BD1ED85F02009D4CC1 /* Build configuration list for PBXNativeTarget "Bull-Eye" */ = {
			isa = XCConfigurationList;
			buildConfigurations = (
				C02107BE1ED85F02009D4CC1 /* Debug */,
				C02107BF1ED85F02009D4CC1 /* Release */,
			);
			defaultConfigurationIsVisible = 0;
		};
/* End XCConfigurationList section */
	};
	rootObject = C02107A31ED85F02009D4CC1 /* Project object */;
}
