// !$*UTF8*$!
{
	archiveVersion = 1;
	classes = {
	};
	objectVersion = 46;
	objects = {

/* Begin PBXBuildFile section */
		C05ECED61ECC1A7200045122 /* AppDelegate.swift in Sources */ = {isa = PBXBuildFile; fileRef = C05ECED51ECC1A7200045122 /* AppDelegate.swift */; };
		C05ECED81ECC1A7200045122 /* ViewController.swift in Sources */ = {isa = PBXBuildFile; fileRef = C05ECED71ECC1A7200045122 /* ViewController.swift */; };
		C05ECEDB1ECC1A7200045122 /* Main.storyboard in Resources */ = {isa = PBXBuildFile; fileRef = C05ECED91ECC1A7200045122 /* Main.storyboard */; };
		C05ECEDD1ECC1A7200045122 /* Assets.xcassets in Resources */ = {isa = PBXBuildFile; fileRef = C05ECEDC1ECC1A7200045122 /* Assets.xcassets */; };
		C05ECEE01ECC1A7200045122 /* LaunchScreen.storyboard in Resources */ = {isa = PBXBuildFile; fileRef = C05ECEDE1ECC1A7200045122 /* LaunchScreen.storyboard */; };
		C05ECEE91ECC1C7E00045122 /* CoreLocation.framework in Frameworks */ = {isa = PBXBuildFile; fileRef = C05ECEE81ECC1C7E00045122 /* CoreLocation.framework */; };
/* End PBXBuildFile section */

/* Begin PBXFileReference section */
		C05ECED21ECC1A7200045122 /* Location.app */ = {isa = PBXFileReference; explicitFileType = wrapper.application; includeInIndex = 0; path = Location.app; sourceTree = BUILT_PRODUCTS_DIR; };
		C05ECED51ECC1A7200045122 /* AppDelegate.swift */ = {isa = PBXFileReference; lastKnownFileType = sourcecode.swift; path = AppDelegate.swift; sourceTree = "<group>"; };
		C05ECED71ECC1A7200045122 /* ViewController.swift */ = {isa = PBXFileReference; lastKnownFileType = sourcecode.swift; path = ViewController.swift; sourceTree = "<group>"; };
		C05ECEDA1ECC1A7200045122 /* Base */ = {isa = PBXFileReference; lastKnownFileType = file.storyboard; name = Base; path = Base.lproj/Main.storyboard; sourceTree = "<group>"; };
		C05ECEDC1ECC1A7200045122 /* Assets.xcassets */ = {isa = PBXFileReference; lastKnownFileType = folder.assetcatalog; path = Assets.xcassets; sourceTree = "<group>"; };
		C05ECEDF1ECC1A7200045122 /* Base */ = {isa = PBXFileReference; lastKnownFileType = file.storyboard; name = Base; path = Base.lproj/LaunchScreen.storyboard; sourceTree = "<group>"; };
		C05ECEE11ECC1A7200045122 /* Info.plist */ = {isa = PBXFileReference; lastKnownFileType = text.plist.xml; path = Info.plist; sourceTree = "<group>"; };
		C05ECEE81ECC1C7E00045122 /* CoreLocation.framework */ = {isa = PBXFileReference; lastKnownFileType = wrapper.framework; name = CoreLocation.framework; path = System/Library/Frameworks/CoreLocation.framework; sourceTree = SDKROOT; };
/* End PBXFileReference section */

/* Begin PBXFrameworksBuildPhase section */
		C05ECECF1ECC1A7200045122 /* Frameworks */ = {
			isa = PBXFrameworksBuildPhase;
			buildActionMask = 2147483647;
			files = (
				C05ECEE91ECC1C7E00045122 /* CoreLocation.framework in Frameworks */,
			);
			runOnlyForDeploymentPostprocessing = 0;
		};
/* End PBXFrameworksBuildPhase section */

/* Begin PBXGroup section */
		C05ECEC91ECC1A7200045122 = {
			isa = PBXGroup;
			children = (
				C05ECED41ECC1A7200045122 /* Location */,
				C05ECED31ECC1A7200045122 /* Products */,
				C05ECEE71ECC1C7E00045122 /* Frameworks */,
			);
			sourceTree = "<group>";
		};
		C05ECED31ECC1A7200045122 /* Products */ = {
			isa = PBXGroup;
			children = (
				C05ECED21ECC1A7200045122 /* Location.app */,
			);
			name = Products;
			sourceTree = "<group>";
		};
		C05ECED41ECC1A7200045122 /* Location */ = {
			isa = PBXGroup;
			children = (
				C05ECED51ECC1A7200045122 /* AppDelegate.swift */,
				C05ECED71ECC1A7200045122 /* ViewController.swift */,
				C05ECED91ECC1A7200045122 /* Main.storyboard */,
				C05ECEDC1ECC1A7200045122 /* Assets.xcassets */,
				C05ECEDE1ECC1A7200045122 /* LaunchScreen.storyboard */,
				C05ECEE11ECC1A7200045122 /* Info.plist */,
			);
			path = Location;
			sourceTree = "<group>";
		};
		C05ECEE71ECC1C7E00045122 /* Frameworks */ = {
			isa = PBXGroup;
			children = (
				C05ECEE81ECC1C7E00045122 /* CoreLocation.framework */,
			);
			name = Frameworks;
			sourceTree = "<group>";
		};
/* End PBXGroup section */

/* Begin PBXNativeTarget section */
		C05ECED11ECC1A7200045122 /* Location */ = {
			isa = PBXNativeTarget;
			buildConfigurationList = C05ECEE41ECC1A7200045122 /* Build configuration list for PBXNativeTarget "Location" */;
			buildPhases = (
				C05ECECE1ECC1A7200045122 /* Sources */,
				C05ECECF1ECC1A7200045122 /* Frameworks */,
				C05ECED01ECC1A7200045122 /* Resources */,
			);
			buildRules = (
			);
			dependencies = (
			);
			name = Location;
			productName = Location;
			productReference = C05ECED21ECC1A7200045122 /* Location.app */;
			productType = "com.apple.product-type.application";
		};
/* End PBXNativeTarget section */

/* Begin PBXProject section */
		C05ECECA1ECC1A7200045122 /* Project object */ = {
			isa = PBXProject;
			attributes = {
				LastSwiftUpdateCheck = 0830;
				LastUpgradeCheck = 0830;
				ORGANIZATIONNAME = johnsonlwh7;
				TargetAttributes = {
					C05ECED11ECC1A7200045122 = {
						CreatedOnToolsVersion = 8.3.2;
						DevelopmentTeam = V548K946KK;
						ProvisioningStyle = Automatic;
					};
				};
			};
			buildConfigurationList = C05ECECD1ECC1A7200045122 /* Build configuration list for PBXProject "Location" */;
			compatibilityVersion = "Xcode 3.2";
			developmentRegion = English;
			hasScannedForEncodings = 0;
			knownRegions = (
				en,
				Base,
			);
			mainGroup = C05ECEC91ECC1A7200045122;
			productRefGroup = C05ECED31ECC1A7200045122 /* Products */;
			projectDirPath = "";
			projectRoot = "";
			targets = (
				C05ECED11ECC1A7200045122 /* Location */,
			);
		};
/* End PBXProject section */

/* Begin PBXResourcesBuildPhase section */
		C05ECED01ECC1A7200045122 /* Resources */ = {
			isa = PBXResourcesBuildPhase;
			buildActionMask = 2147483647;
			files = (
				C05ECEE01ECC1A7200045122 /* LaunchScreen.storyboard in Resources */,
				C05ECEDD1ECC1A7200045122 /* Assets.xcassets in Resources */,
				C05ECEDB1ECC1A7200045122 /* Main.storyboard in Resources */,
			);
			runOnlyForDeploymentPostprocessing = 0;
		};
/* End PBXResourcesBuildPhase section */

/* Begin PBXSourcesBuildPhase section */
		C05ECECE1ECC1A7200045122 /* Sources */ = {
			isa = PBXSourcesBuildPhase;
			buildActionMask = 2147483647;
			files = (
				C05ECED81ECC1A7200045122 /* ViewController.swift in Sources */,
				C05ECED61ECC1A7200045122 /* AppDelegate.swift in Sources */,
			);
			runOnlyForDeploymentPostprocessing = 0;
		};
/* End PBXSourcesBuildPhase section */

/* Begin PBXVariantGroup section */
		C05ECED91ECC1A7200045122 /* Main.storyboard */ = {
			isa = PBXVariantGroup;
			children = (
				C05ECEDA1ECC1A7200045122 /* Base */,
			);
			name = Main.storyboard;
			sourceTree = "<group>";
		};
		C05ECEDE1ECC1A7200045122 /* LaunchScreen.storyboard */ = {
			isa = PBXVariantGroup;
			children = (
				C05ECEDF1ECC1A7200045122 /* Base */,
			);
			name = LaunchScreen.storyboard;
			sourceTree = "<group>";
		};
/* End PBXVariantGroup section */

/* Begin XCBuildConfiguration section */
		C05ECEE21ECC1A7200045122 /* Debug */ = {
			isa = XCBuildConfiguration;
			buildSettings = {
				ALWAYS_SEARCH_USER_PATHS = NO;
				CLANG_ANALYZER_NONNULL = YES;
				CLANG_ANALYZER_NUMBER_OBJECT_CONVERSION = YES_AGGRESSIVE;
				CLANG_CXX_LANGUAGE_STANDARD = "gnu++0x";
				CLANG_CXX_LIBRARY = "libc++";
				CLANG_ENABLE_MODULES = YES;
				CLANG_ENABLE_OBJC_ARC = YES;
				CLANG_WARN_BOOL_CONVERSION = YES;
				CLANG_WARN_CONSTANT_CONVERSION = YES;
				CLANG_WARN_DIRECT_OBJC_ISA_USAGE = YES_ERROR;
				CLANG_WARN_DOCUMENTATION_COMMENTS = YES;
				CLANG_WARN_EMPTY_BODY = YES;
				CLANG_WARN_ENUM_CONVERSION = YES;
				CLANG_WARN_INFINITE_RECURSION = YES;
				CLANG_WARN_INT_CONVERSION = YES;
				CLANG_WARN_OBJC_ROOT_CLASS = YES_ERROR;
				CLANG_WARN_SUSPICIOUS_MOVE = YES;
				CLANG_WARN_UNREACHABLE_CODE = YES;
				CLANG_WARN__DUPLICATE_METHOD_MATCH = YES;
				"CODE_SIGN_IDENTITY[sdk=iphoneos*]" = "iPhone Developer";
				COPY_PHASE_STRIP = NO;
				DEBUG_INFORMATION_FORMAT = dwarf;
				ENABLE_STRICT_OBJC_MSGSEND = YES;
				ENABLE_TESTABILITY = YES;
				GCC_C_LANGUAGE_STANDARD = gnu99;
				GCC_DYNAMIC_NO_PIC = NO;
				GCC_NO_COMMON_BLOCKS = YES;
				GCC_OPTIMIZATION_LEVEL = 0;
				GCC_PREPROCESSOR_DEFINITIONS = (
					"DEBUG=1",
					"$(inherited)",
				);
				GCC_WARN_64_TO_32_BIT_CONVERSION = YES;
				GCC_WARN_ABOUT_RETURN_TYPE = YES_ERROR;
				GCC_WARN_UNDECLARED_SELECTOR = YES;
				GCC_WARN_UNINITIALIZED_AUTOS = YES_AGGRESSIVE;
				GCC_WARN_UNUSED_FUNCTION = YES;
				GCC_WARN_UNUSED_VARIABLE = YES;
				IPHONEOS_DEPLOYMENT_TARGET = 10.3;
				MTL_ENABLE_DEBUG_INFO = YES;
				ONLY_ACTIVE_ARCH = YES;
				SDKROOT = iphoneos;
				SWIFT_ACTIVE_COMPILATION_CONDITIONS = DEBUG;
				SWIFT_OPTIMIZATION_LEVEL = "-Onone";
				TARGETED_DEVICE_FAMILY = "1,2";
			};
			name = Debug;
		};
		C05ECEE31ECC1A7200045122 /* Release */ = {
			isa = XCBuildConfiguration;
			buildSettings = {
				ALWAYS_SEARCH_USER_PATHS = NO;
				CLANG_ANALYZER_NONNULL = YES;
				CLANG_ANALYZER_NUMBER_OBJECT_CONVERSION = YES_AGGRESSIVE;
				CLANG_CXX_LANGUAGE_STANDARD = "gnu++0x";
				CLANG_CXX_LIBRARY = "libc++";
				CLANG_ENABLE_MODULES = YES;
				CLANG_ENABLE_OBJC_ARC = YES;
				CLANG_WARN_BOOL_CONVERSION = YES;
				CLANG_WARN_CONSTANT_CONVERSION = YES;
				CLANG_WARN_DIRECT_OBJC_ISA_USAGE = YES_ERROR;
				CLANG_WARN_DOCUMENTATION_COMMENTS = YES;
				CLANG_WARN_EMPTY_BODY = YES;
				CLANG_WARN_ENUM_CONVERSION = YES;
				CLANG_WARN_INFINITE_RECURSION = YES;
				CLANG_WARN_INT_CONVERSION = YES;
				CLANG_WARN_OBJC_ROOT_CLASS = YES_ERROR;
				CLANG_WARN_SUSPICIOUS_MOVE = YES;
				CLANG_WARN_UNREACHABLE_CODE = YES;
				CLANG_WARN__DUPLICATE_METHOD_MATCH = YES;
				"CODE_SIGN_IDENTITY[sdk=iphoneos*]" = "iPhone Developer";
				COPY_PHASE_STRIP = NO;
				DEBUG_INFORMATION_FORMAT = "dwarf-with-dsym";
				ENABLE_NS_ASSERTIONS = NO;
				ENABLE_STRICT_OBJC_MSGSEND = YES;
				GCC_C_LANGUAGE_STANDARD = gnu99;
				GCC_NO_COMMON_BLOCKS = YES;
				GCC_WARN_64_TO_32_BIT_CONVERSION = YES;
				GCC_WARN_ABOUT_RETURN_TYPE = YES_ERROR;
				GCC_WARN_UNDECLARED_SELECTOR = YES;
				GCC_WARN_UNINITIALIZED_AUTOS = YES_AGGRESSIVE;
				GCC_WARN_UNUSED_FUNCTION = YES;
				GCC_WARN_UNUSED_VARIABLE = YES;
				IPHONEOS_DEPLOYMENT_TARGET = 10.3;
				MTL_ENABLE_DEBUG_INFO = NO;
				SDKROOT = iphoneos;
				SWIFT_OPTIMIZATION_LEVEL = "-Owholemodule";
				TARGETED_DEVICE_FAMILY = "1,2";
				VALIDATE_PRODUCT = YES;
			};
			name = Release;
		};
		C05ECEE51ECC1A7200045122 /* Debug */ = {
			isa = XCBuildConfiguration;
			buildSettings = {
				ASSETCATALOG_COMPILER_APPICON_NAME = AppIcon;
				DEVELOPMENT_TEAM = V548K946KK;
				INFOPLIST_FILE = Location/Info.plist;
				LD_RUNPATH_SEARCH_PATHS = "$(inherited) @executable_path/Frameworks";
				PRODUCT_BUNDLE_IDENTIFIER = com.johnsonlwh7.learn.Location;
				PRODUCT_NAME = "$(TARGET_NAME)";
				SWIFT_VERSION = 3.0;
			};
			name = Debug;
		};
		C05ECEE61ECC1A7200045122 /* Release */ = {
			isa = XCBuildConfiguration;
			buildSettings = {
				ASSETCATALOG_COMPILER_APPICON_NAME = AppIcon;
				DEVELOPMENT_TEAM = V548K946KK;
				INFOPLIST_FILE = Location/Info.plist;
				LD_RUNPATH_SEARCH_PATHS = "$(inherited) @executable_path/Frameworks";
				PRODUCT_BUNDLE_IDENTIFIER = com.johnsonlwh7.learn.Location;
				PRODUCT_NAME = "$(TARGET_NAME)";
				SWIFT_VERSION = 3.0;
			};
			name = Release;
		};
/* End XCBuildConfiguration section */

/* Begin XCConfigurationList section */
		C05ECECD1ECC1A7200045122 /* Build configuration list for PBXProject "Location" */ = {
			isa = XCConfigurationList;
			buildConfigurations = (
				C05ECEE21ECC1A7200045122 /* Debug */,
				C05ECEE31ECC1A7200045122 /* Release */,
			);
			defaultConfigurationIsVisible = 0;
			defaultConfigurationName = Release;
		};
		C05ECEE41ECC1A7200045122 /* Build configuration list for PBXNativeTarget "Location" */ = {
			isa = XCConfigurationList;
			buildConfigurations = (
				C05ECEE51ECC1A7200045122 /* Debug */,
				C05ECEE61ECC1A7200045122 /* Release */,
			);
			defaultConfigurationIsVisible = 0;
		};
/* End XCConfigurationList section */
	};
	rootObject = C05ECECA1ECC1A7200045122 /* Project object */;
}
