// !$*UTF8*$!
{
	archiveVersion = 1;
	classes = {
	};
	objectVersion = 46;
	objects = {

/* Begin PBXBuildFile section */
		C05ECE1D1ECB3D5100045122 /* AppDelegate.swift in Sources */ = {isa = PBXBuildFile; fileRef = C05ECE1C1ECB3D5100045122 /* AppDelegate.swift */; };
		C05ECE1F1ECB3D5100045122 /* ViewController.swift in Sources */ = {isa = PBXBuildFile; fileRef = C05ECE1E1ECB3D5100045122 /* ViewController.swift */; };
		C05ECE221ECB3D5100045122 /* Main.storyboard in Resources */ = {isa = PBXBuildFile; fileRef = C05ECE201ECB3D5100045122 /* Main.storyboard */; };
		C05ECE241ECB3D5100045122 /* Assets.xcassets in Resources */ = {isa = PBXBuildFile; fileRef = C05ECE231ECB3D5100045122 /* Assets.xcassets */; };
		C05ECE271ECB3D5100045122 /* LaunchScreen.storyboard in Resources */ = {isa = PBXBuildFile; fileRef = C05ECE251ECB3D5100045122 /* LaunchScreen.storyboard */; };
		C05ECE5D1ECB40C800045122 /* frame_0_delay-0.07s.gif in Resources */ = {isa = PBXBuildFile; fileRef = C05ECE4E1ECB40C800045122 /* frame_0_delay-0.07s.gif */; };
		C05ECE5E1ECB40C800045122 /* frame_1_delay-0.07s.gif in Resources */ = {isa = PBXBuildFile; fileRef = C05ECE4F1ECB40C800045122 /* frame_1_delay-0.07s.gif */; };
		C05ECE5F1ECB40C800045122 /* frame_2_delay-0.07s.gif in Resources */ = {isa = PBXBuildFile; fileRef = C05ECE501ECB40C800045122 /* frame_2_delay-0.07s.gif */; };
		C05ECE601ECB40C800045122 /* frame_3_delay-0.07s.gif in Resources */ = {isa = PBXBuildFile; fileRef = C05ECE511ECB40C800045122 /* frame_3_delay-0.07s.gif */; };
		C05ECE611ECB40C800045122 /* frame_4_delay-0.07s.gif in Resources */ = {isa = PBXBuildFile; fileRef = C05ECE521ECB40C800045122 /* frame_4_delay-0.07s.gif */; };
		C05ECE621ECB40C800045122 /* frame_5_delay-0.07s.gif in Resources */ = {isa = PBXBuildFile; fileRef = C05ECE531ECB40C800045122 /* frame_5_delay-0.07s.gif */; };
		C05ECE631ECB40C800045122 /* frame_6_delay-0.07s.gif in Resources */ = {isa = PBXBuildFile; fileRef = C05ECE541ECB40C800045122 /* frame_6_delay-0.07s.gif */; };
		C05ECE641ECB40C800045122 /* frame_7_delay-0.07s.gif in Resources */ = {isa = PBXBuildFile; fileRef = C05ECE551ECB40C800045122 /* frame_7_delay-0.07s.gif */; };
		C05ECE651ECB40C800045122 /* frame_8_delay-0.07s.gif in Resources */ = {isa = PBXBuildFile; fileRef = C05ECE561ECB40C800045122 /* frame_8_delay-0.07s.gif */; };
		C05ECE661ECB40C800045122 /* frame_9_delay-0.07s.gif in Resources */ = {isa = PBXBuildFile; fileRef = C05ECE571ECB40C800045122 /* frame_9_delay-0.07s.gif */; };
		C05ECE671ECB40C800045122 /* frame_10_delay-0.07s.gif in Resources */ = {isa = PBXBuildFile; fileRef = C05ECE581ECB40C800045122 /* frame_10_delay-0.07s.gif */; };
		C05ECE681ECB40C800045122 /* frame_11_delay-0.07s.gif in Resources */ = {isa = PBXBuildFile; fileRef = C05ECE591ECB40C800045122 /* frame_11_delay-0.07s.gif */; };
		C05ECE691ECB40C800045122 /* frame_12_delay-0.07s.gif in Resources */ = {isa = PBXBuildFile; fileRef = C05ECE5A1ECB40C800045122 /* frame_12_delay-0.07s.gif */; };
		C05ECE6A1ECB40C800045122 /* frame_13_delay-0.07s.gif in Resources */ = {isa = PBXBuildFile; fileRef = C05ECE5B1ECB40C800045122 /* frame_13_delay-0.07s.gif */; };
		C05ECE6B1ECB40C800045122 /* frame_14_delay-0.07s.gif in Resources */ = {isa = PBXBuildFile; fileRef = C05ECE5C1ECB40C800045122 /* frame_14_delay-0.07s.gif */; };
/* End PBXBuildFile section */

/* Begin PBXFileReference section */
		C05ECE191ECB3D5100045122 /* Animation.app */ = {isa = PBXFileReference; explicitFileType = wrapper.application; includeInIndex = 0; path = Animation.app; sourceTree = BUILT_PRODUCTS_DIR; };
		C05ECE1C1ECB3D5100045122 /* AppDelegate.swift */ = {isa = PBXFileReference; lastKnownFileType = sourcecode.swift; path = AppDelegate.swift; sourceTree = "<group>"; };
		C05ECE1E1ECB3D5100045122 /* ViewController.swift */ = {isa = PBXFileReference; lastKnownFileType = sourcecode.swift; path = ViewController.swift; sourceTree = "<group>"; };
		C05ECE211ECB3D5100045122 /* Base */ = {isa = PBXFileReference; lastKnownFileType = file.storyboard; name = Base; path = Base.lproj/Main.storyboard; sourceTree = "<group>"; };
		C05ECE231ECB3D5100045122 /* Assets.xcassets */ = {isa = PBXFileReference; lastKnownFileType = folder.assetcatalog; path = Assets.xcassets; sourceTree = "<group>"; };
		C05ECE261ECB3D5100045122 /* Base */ = {isa = PBXFileReference; lastKnownFileType = file.storyboard; name = Base; path = Base.lproj/LaunchScreen.storyboard; sourceTree = "<group>"; };
		C05ECE281ECB3D5100045122 /* Info.plist */ = {isa = PBXFileReference; lastKnownFileType = text.plist.xml; path = Info.plist; sourceTree = "<group>"; };
		C05ECE4E1ECB40C800045122 /* frame_0_delay-0.07s.gif */ = {isa = PBXFileReference; lastKnownFileType = image.gif; path = "frame_0_delay-0.07s.gif"; sourceTree = "<group>"; };
		C05ECE4F1ECB40C800045122 /* frame_1_delay-0.07s.gif */ = {isa = PBXFileReference; lastKnownFileType = image.gif; path = "frame_1_delay-0.07s.gif"; sourceTree = "<group>"; };
		C05ECE501ECB40C800045122 /* frame_2_delay-0.07s.gif */ = {isa = PBXFileReference; lastKnownFileType = image.gif; path = "frame_2_delay-0.07s.gif"; sourceTree = "<group>"; };
		C05ECE511ECB40C800045122 /* frame_3_delay-0.07s.gif */ = {isa = PBXFileReference; lastKnownFileType = image.gif; path = "frame_3_delay-0.07s.gif"; sourceTree = "<group>"; };
		C05ECE521ECB40C800045122 /* frame_4_delay-0.07s.gif */ = {isa = PBXFileReference; lastKnownFileType = image.gif; path = "frame_4_delay-0.07s.gif"; sourceTree = "<group>"; };
		C05ECE531ECB40C800045122 /* frame_5_delay-0.07s.gif */ = {isa = PBXFileReference; lastKnownFileType = image.gif; path = "frame_5_delay-0.07s.gif"; sourceTree = "<group>"; };
		C05ECE541ECB40C800045122 /* frame_6_delay-0.07s.gif */ = {isa = PBXFileReference; lastKnownFileType = image.gif; path = "frame_6_delay-0.07s.gif"; sourceTree = "<group>"; };
		C05ECE551ECB40C800045122 /* frame_7_delay-0.07s.gif */ = {isa = PBXFileReference; lastKnownFileType = image.gif; path = "frame_7_delay-0.07s.gif"; sourceTree = "<group>"; };
		C05ECE561ECB40C800045122 /* frame_8_delay-0.07s.gif */ = {isa = PBXFileReference; lastKnownFileType = image.gif; path = "frame_8_delay-0.07s.gif"; sourceTree = "<group>"; };
		C05ECE571ECB40C800045122 /* frame_9_delay-0.07s.gif */ = {isa = PBXFileReference; lastKnownFileType = image.gif; path = "frame_9_delay-0.07s.gif"; sourceTree = "<group>"; };
		C05ECE581ECB40C800045122 /* frame_10_delay-0.07s.gif */ = {isa = PBXFileReference; lastKnownFileType = image.gif; path = "frame_10_delay-0.07s.gif"; sourceTree = "<group>"; };
		C05ECE591ECB40C800045122 /* frame_11_delay-0.07s.gif */ = {isa = PBXFileReference; lastKnownFileType = image.gif; path = "frame_11_delay-0.07s.gif"; sourceTree = "<group>"; };
		C05ECE5A1ECB40C800045122 /* frame_12_delay-0.07s.gif */ = {isa = PBXFileReference; lastKnownFileType = image.gif; path = "frame_12_delay-0.07s.gif"; sourceTree = "<group>"; };
		C05ECE5B1ECB40C800045122 /* frame_13_delay-0.07s.gif */ = {isa = PBXFileReference; lastKnownFileType = image.gif; path = "frame_13_delay-0.07s.gif"; sourceTree = "<group>"; };
		C05ECE5C1ECB40C800045122 /* frame_14_delay-0.07s.gif */ = {isa = PBXFileReference; lastKnownFileType = image.gif; path = "frame_14_delay-0.07s.gif"; sourceTree = "<group>"; };
/* End PBXFileReference section */

/* Begin PBXFrameworksBuildPhase section */
		C05ECE161ECB3D5100045122 /* Frameworks */ = {
			isa = PBXFrameworksBuildPhase;
			buildActionMask = 2147483647;
			files = (
			);
			runOnlyForDeploymentPostprocessing = 0;
		};
/* End PBXFrameworksBuildPhase section */

/* Begin PBXGroup section */
		C05ECE101ECB3D5100045122 = {
			isa = PBXGroup;
			children = (
				C05ECE1B1ECB3D5100045122 /* Animation */,
				C05ECE1A1ECB3D5100045122 /* Products */,
			);
			sourceTree = "<group>";
		};
		C05ECE1A1ECB3D5100045122 /* Products */ = {
			isa = PBXGroup;
			children = (
				C05ECE191ECB3D5100045122 /* Animation.app */,
			);
			name = Products;
			sourceTree = "<group>";
		};
		C05ECE1B1ECB3D5100045122 /* Animation */ = {
			isa = PBXGroup;
			children = (
				C05ECE4E1ECB40C800045122 /* frame_0_delay-0.07s.gif */,
				C05ECE4F1ECB40C800045122 /* frame_1_delay-0.07s.gif */,
				C05ECE501ECB40C800045122 /* frame_2_delay-0.07s.gif */,
				C05ECE511ECB40C800045122 /* frame_3_delay-0.07s.gif */,
				C05ECE521ECB40C800045122 /* frame_4_delay-0.07s.gif */,
				C05ECE531ECB40C800045122 /* frame_5_delay-0.07s.gif */,
				C05ECE541ECB40C800045122 /* frame_6_delay-0.07s.gif */,
				C05ECE551ECB40C800045122 /* frame_7_delay-0.07s.gif */,
				C05ECE561ECB40C800045122 /* frame_8_delay-0.07s.gif */,
				C05ECE571ECB40C800045122 /* frame_9_delay-0.07s.gif */,
				C05ECE581ECB40C800045122 /* frame_10_delay-0.07s.gif */,
				C05ECE591ECB40C800045122 /* frame_11_delay-0.07s.gif */,
				C05ECE5A1ECB40C800045122 /* frame_12_delay-0.07s.gif */,
				C05ECE5B1ECB40C800045122 /* frame_13_delay-0.07s.gif */,
				C05ECE5C1ECB40C800045122 /* frame_14_delay-0.07s.gif */,
				C05ECE1C1ECB3D5100045122 /* AppDelegate.swift */,
				C05ECE1E1ECB3D5100045122 /* ViewController.swift */,
				C05ECE201ECB3D5100045122 /* Main.storyboard */,
				C05ECE231ECB3D5100045122 /* Assets.xcassets */,
				C05ECE251ECB3D5100045122 /* LaunchScreen.storyboard */,
				C05ECE281ECB3D5100045122 /* Info.plist */,
			);
			path = Animation;
			sourceTree = "<group>";
		};
/* End PBXGroup section */

/* Begin PBXNativeTarget section */
		C05ECE181ECB3D5100045122 /* Animation */ = {
			isa = PBXNativeTarget;
			buildConfigurationList = C05ECE2B1ECB3D5100045122 /* Build configuration list for PBXNativeTarget "Animation" */;
			buildPhases = (
				C05ECE151ECB3D5100045122 /* Sources */,
				C05ECE161ECB3D5100045122 /* Frameworks */,
				C05ECE171ECB3D5100045122 /* Resources */,
			);
			buildRules = (
			);
			dependencies = (
			);
			name = Animation;
			productName = Animation;
			productReference = C05ECE191ECB3D5100045122 /* Animation.app */;
			productType = "com.apple.product-type.application";
		};
/* End PBXNativeTarget section */

/* Begin PBXProject section */
		C05ECE111ECB3D5100045122 /* Project object */ = {
			isa = PBXProject;
			attributes = {
				LastSwiftUpdateCheck = 0830;
				LastUpgradeCheck = 0830;
				ORGANIZATIONNAME = johnsonlwh7;
				TargetAttributes = {
					C05ECE181ECB3D5100045122 = {
						CreatedOnToolsVersion = 8.3.2;
						DevelopmentTeam = V548K946KK;
						ProvisioningStyle = Automatic;
					};
				};
			};
			buildConfigurationList = C05ECE141ECB3D5100045122 /* Build configuration list for PBXProject "Animation" */;
			compatibilityVersion = "Xcode 3.2";
			developmentRegion = English;
			hasScannedForEncodings = 0;
			knownRegions = (
				en,
				Base,
			);
			mainGroup = C05ECE101ECB3D5100045122;
			productRefGroup = C05ECE1A1ECB3D5100045122 /* Products */;
			projectDirPath = "";
			projectRoot = "";
			targets = (
				C05ECE181ECB3D5100045122 /* Animation */,
			);
		};
/* End PBXProject section */

/* Begin PBXResourcesBuildPhase section */
		C05ECE171ECB3D5100045122 /* Resources */ = {
			isa = PBXResourcesBuildPhase;
			buildActionMask = 2147483647;
			files = (
				C05ECE671ECB40C800045122 /* frame_10_delay-0.07s.gif in Resources */,
				C05ECE661ECB40C800045122 /* frame_9_delay-0.07s.gif in Resources */,
				C05ECE631ECB40C800045122 /* frame_6_delay-0.07s.gif in Resources */,
				C05ECE5F1ECB40C800045122 /* frame_2_delay-0.07s.gif in Resources */,
				C05ECE5D1ECB40C800045122 /* frame_0_delay-0.07s.gif in Resources */,
				C05ECE601ECB40C800045122 /* frame_3_delay-0.07s.gif in Resources */,
				C05ECE271ECB3D5100045122 /* LaunchScreen.storyboard in Resources */,
				C05ECE611ECB40C800045122 /* frame_4_delay-0.07s.gif in Resources */,
				C05ECE681ECB40C800045122 /* frame_11_delay-0.07s.gif in Resources */,
				C05ECE641ECB40C800045122 /* frame_7_delay-0.07s.gif in Resources */,
				C05ECE6B1ECB40C800045122 /* frame_14_delay-0.07s.gif in Resources */,
				C05ECE241ECB3D5100045122 /* Assets.xcassets in Resources */,
				C05ECE651ECB40C800045122 /* frame_8_delay-0.07s.gif in Resources */,
				C05ECE691ECB40C800045122 /* frame_12_delay-0.07s.gif in Resources */,
				C05ECE6A1ECB40C800045122 /* frame_13_delay-0.07s.gif in Resources */,
				C05ECE221ECB3D5100045122 /* Main.storyboard in Resources */,
				C05ECE621ECB40C800045122 /* frame_5_delay-0.07s.gif in Resources */,
				C05ECE5E1ECB40C800045122 /* frame_1_delay-0.07s.gif in Resources */,
			);
			runOnlyForDeploymentPostprocessing = 0;
		};
/* End PBXResourcesBuildPhase section */

/* Begin PBXSourcesBuildPhase section */
		C05ECE151ECB3D5100045122 /* Sources */ = {
			isa = PBXSourcesBuildPhase;
			buildActionMask = 2147483647;
			files = (
				C05ECE1F1ECB3D5100045122 /* ViewController.swift in Sources */,
				C05ECE1D1ECB3D5100045122 /* AppDelegate.swift in Sources */,
			);
			runOnlyForDeploymentPostprocessing = 0;
		};
/* End PBXSourcesBuildPhase section */

/* Begin PBXVariantGroup section */
		C05ECE201ECB3D5100045122 /* Main.storyboard */ = {
			isa = PBXVariantGroup;
			children = (
				C05ECE211ECB3D5100045122 /* Base */,
			);
			name = Main.storyboard;
			sourceTree = "<group>";
		};
		C05ECE251ECB3D5100045122 /* LaunchScreen.storyboard */ = {
			isa = PBXVariantGroup;
			children = (
				C05ECE261ECB3D5100045122 /* Base */,
			);
			name = LaunchScreen.storyboard;
			sourceTree = "<group>";
		};
/* End PBXVariantGroup section */

/* Begin XCBuildConfiguration section */
		C05ECE291ECB3D5100045122 /* Debug */ = {
			isa = XCBuildConfiguration;
			buildSettings = {
				ALWAYS_SEARCH_USER_PATHS = NO;
				CLANG_ANALYZER_NONNULL = YES;
				CLANG_ANALYZER_NUMBER_OBJECT_CONVERSION = YES_AGGRESSIVE;
				CLANG_CXX_LANGUAGE_STANDARD = "gnu++0x";
				CLANG_CXX_LIBRARY = "libc++";
				CLANG_ENABLE_MODULES = YES;
				CLANG_ENABLE_OBJC_ARC = YES;
				CLANG_WARN_BOOL_CONVERSION = YES;
				CLANG_WARN_CONSTANT_CONVERSION = YES;
				CLANG_WARN_DIRECT_OBJC_ISA_USAGE = YES_ERROR;
				CLANG_WARN_DOCUMENTATION_COMMENTS = YES;
				CLANG_WARN_EMPTY_BODY = YES;
				CLANG_WARN_ENUM_CONVERSION = YES;
				CLANG_WARN_INFINITE_RECURSION = YES;
				CLANG_WARN_INT_CONVERSION = YES;
				CLANG_WARN_OBJC_ROOT_CLASS = YES_ERROR;
				CLANG_WARN_SUSPICIOUS_MOVE = YES;
				CLANG_WARN_UNREACHABLE_CODE = YES;
				CLANG_WARN__DUPLICATE_METHOD_MATCH = YES;
				"CODE_SIGN_IDENTITY[sdk=iphoneos*]" = "iPhone Developer";
				COPY_PHASE_STRIP = NO;
				DEBUG_INFORMATION_FORMAT = dwarf;
				ENABLE_STRICT_OBJC_MSGSEND = YES;
				ENABLE_TESTABILITY = YES;
				GCC_C_LANGUAGE_STANDARD = gnu99;
				GCC_DYNAMIC_NO_PIC = NO;
				GCC_NO_COMMON_BLOCKS = YES;
				GCC_OPTIMIZATION_LEVEL = 0;
				GCC_PREPROCESSOR_DEFINITIONS = (
					"DEBUG=1",
					"$(inherited)",
				);
				GCC_WARN_64_TO_32_BIT_CONVERSION = YES;
				GCC_WARN_ABOUT_RETURN_TYPE = YES_ERROR;
				GCC_WARN_UNDECLARED_SELECTOR = YES;
				GCC_WARN_UNINITIALIZED_AUTOS = YES_AGGRESSIVE;
				GCC_WARN_UNUSED_FUNCTION = YES;
				GCC_WARN_UNUSED_VARIABLE = YES;
				IPHONEOS_DEPLOYMENT_TARGET = 10.3;
				MTL_ENABLE_DEBUG_INFO = YES;
				ONLY_ACTIVE_ARCH = YES;
				SDKROOT = iphoneos;
				SWIFT_ACTIVE_COMPILATION_CONDITIONS = DEBUG;
				SWIFT_OPTIMIZATION_LEVEL = "-Onone";
				TARGETED_DEVICE_FAMILY = "1,2";
			};
			name = Debug;
		};
		C05ECE2A1ECB3D5100045122 /* Release */ = {
			isa = XCBuildConfiguration;
			buildSettings = {
				ALWAYS_SEARCH_USER_PATHS = NO;
				CLANG_ANALYZER_NONNULL = YES;
				CLANG_ANALYZER_NUMBER_OBJECT_CONVERSION = YES_AGGRESSIVE;
				CLANG_CXX_LANGUAGE_STANDARD = "gnu++0x";
				CLANG_CXX_LIBRARY = "libc++";
				CLANG_ENABLE_MODULES = YES;
				CLANG_ENABLE_OBJC_ARC = YES;
				CLANG_WARN_BOOL_CONVERSION = YES;
				CLANG_WARN_CONSTANT_CONVERSION = YES;
				CLANG_WARN_DIRECT_OBJC_ISA_USAGE = YES_ERROR;
				CLANG_WARN_DOCUMENTATION_COMMENTS = YES;
				CLANG_WARN_EMPTY_BODY = YES;
				CLANG_WARN_ENUM_CONVERSION = YES;
				CLANG_WARN_INFINITE_RECURSION = YES;
				CLANG_WARN_INT_CONVERSION = YES;
				CLANG_WARN_OBJC_ROOT_CLASS = YES_ERROR;
				CLANG_WARN_SUSPICIOUS_MOVE = YES;
				CLANG_WARN_UNREACHABLE_CODE = YES;
				CLANG_WARN__DUPLICATE_METHOD_MATCH = YES;
				"CODE_SIGN_IDENTITY[sdk=iphoneos*]" = "iPhone Developer";
				COPY_PHASE_STRIP = NO;
				DEBUG_INFORMATION_FORMAT = "dwarf-with-dsym";
				ENABLE_NS_ASSERTIONS = NO;
				ENABLE_STRICT_OBJC_MSGSEND = YES;
				GCC_C_LANGUAGE_STANDARD = gnu99;
				GCC_NO_COMMON_BLOCKS = YES;
				GCC_WARN_64_TO_32_BIT_CONVERSION = YES;
				GCC_WARN_ABOUT_RETURN_TYPE = YES_ERROR;
				GCC_WARN_UNDECLARED_SELECTOR = YES;
				GCC_WARN_UNINITIALIZED_AUTOS = YES_AGGRESSIVE;
				GCC_WARN_UNUSED_FUNCTION = YES;
				GCC_WARN_UNUSED_VARIABLE = YES;
				IPHONEOS_DEPLOYMENT_TARGET = 10.3;
				MTL_ENABLE_DEBUG_INFO = NO;
				SDKROOT = iphoneos;
				SWIFT_OPTIMIZATION_LEVEL = "-Owholemodule";
				TARGETED_DEVICE_FAMILY = "1,2";
				VALIDATE_PRODUCT = YES;
			};
			name = Release;
		};
		C05ECE2C1ECB3D5100045122 /* Debug */ = {
			isa = XCBuildConfiguration;
			buildSettings = {
				ASSETCATALOG_COMPILER_APPICON_NAME = AppIcon;
				DEVELOPMENT_TEAM = V548K946KK;
				INFOPLIST_FILE = Animation/Info.plist;
				LD_RUNPATH_SEARCH_PATHS = "$(inherited) @executable_path/Frameworks";
				PRODUCT_BUNDLE_IDENTIFIER = com.johnsonlwh7.learn.Animation;
				PRODUCT_NAME = "$(TARGET_NAME)";
				SWIFT_VERSION = 3.0;
			};
			name = Debug;
		};
		C05ECE2D1ECB3D5100045122 /* Release */ = {
			isa = XCBuildConfiguration;
			buildSettings = {
				ASSETCATALOG_COMPILER_APPICON_NAME = AppIcon;
				DEVELOPMENT_TEAM = V548K946KK;
				INFOPLIST_FILE = Animation/Info.plist;
				LD_RUNPATH_SEARCH_PATHS = "$(inherited) @executable_path/Frameworks";
				PRODUCT_BUNDLE_IDENTIFIER = com.johnsonlwh7.learn.Animation;
				PRODUCT_NAME = "$(TARGET_NAME)";
				SWIFT_VERSION = 3.0;
			};
			name = Release;
		};
/* End XCBuildConfiguration section */

/* Begin XCConfigurationList section */
		C05ECE141ECB3D5100045122 /* Build configuration list for PBXProject "Animation" */ = {
			isa = XCConfigurationList;
			buildConfigurations = (
				C05ECE291ECB3D5100045122 /* Debug */,
				C05ECE2A1ECB3D5100045122 /* Release */,
			);
			defaultConfigurationIsVisible = 0;
			defaultConfigurationName = Release;
		};
		C05ECE2B1ECB3D5100045122 /* Build configuration list for PBXNativeTarget "Animation" */ = {
			isa = XCConfigurationList;
			buildConfigurations = (
				C05ECE2C1ECB3D5100045122 /* Debug */,
				C05ECE2D1ECB3D5100045122 /* Release */,
			);
			defaultConfigurationIsVisible = 0;
		};
/* End XCConfigurationList section */
	};
	rootObject = C05ECE111ECB3D5100045122 /* Project object */;
}
