// !$*UTF8*$!
{
	archiveVersion = 1;
	classes = {
	};
	objectVersion = 46;
	objects = {

/* Begin PBXBuildFile section */
		C0D8A1411E7EBC28006E0658 /* AppDelegate.swift in Sources */ = {isa = PBXBuildFile; fileRef = C0D8A1401E7EBC28006E0658 /* AppDelegate.swift */; };
		C0D8A1431E7EBC28006E0658 /* ViewController.swift in Sources */ = {isa = PBXBuildFile; fileRef = C0D8A1421E7EBC28006E0658 /* ViewController.swift */; };
		C0D8A1461E7EBC28006E0658 /* Main.storyboard in Resources */ = {isa = PBXBuildFile; fileRef = C0D8A1441E7EBC28006E0658 /* Main.storyboard */; };
		C0D8A1481E7EBC28006E0658 /* Assets.xcassets in Resources */ = {isa = PBXBuildFile; fileRef = C0D8A1471E7EBC28006E0658 /* Assets.xcassets */; };
		C0D8A14B1E7EBC28006E0658 /* LaunchScreen.storyboard in Resources */ = {isa = PBXBuildFile; fileRef = C0D8A1491E7EBC28006E0658 /* LaunchScreen.storyboard */; };
		C0D8A1561E7EBC28006E0658 /* WordTrotterTests.swift in Sources */ = {isa = PBXBuildFile; fileRef = C0D8A1551E7EBC28006E0658 /* WordTrotterTests.swift */; };
		C0D8A1611E7EBC28006E0658 /* WordTrotterUITests.swift in Sources */ = {isa = PBXBuildFile; fileRef = C0D8A1601E7EBC28006E0658 /* WordTrotterUITests.swift */; };
/* End PBXBuildFile section */

/* Begin PBXContainerItemProxy section */
		C0D8A1521E7EBC28006E0658 /* PBXContainerItemProxy */ = {
			isa = PBXContainerItemProxy;
			containerPortal = C0D8A1351E7EBC28006E0658 /* Project object */;
			proxyType = 1;
			remoteGlobalIDString = C0D8A13C1E7EBC28006E0658;
			remoteInfo = WordTrotter;
		};
		C0D8A15D1E7EBC28006E0658 /* PBXContainerItemProxy */ = {
			isa = PBXContainerItemProxy;
			containerPortal = C0D8A1351E7EBC28006E0658 /* Project object */;
			proxyType = 1;
			remoteGlobalIDString = C0D8A13C1E7EBC28006E0658;
			remoteInfo = WordTrotter;
		};
/* End PBXContainerItemProxy section */

/* Begin PBXFileReference section */
		C0D8A13D1E7EBC28006E0658 /* WordTrotter.app */ = {isa = PBXFileReference; explicitFileType = wrapper.application; includeInIndex = 0; path = WordTrotter.app; sourceTree = BUILT_PRODUCTS_DIR; };
		C0D8A1401E7EBC28006E0658 /* AppDelegate.swift */ = {isa = PBXFileReference; lastKnownFileType = sourcecode.swift; path = AppDelegate.swift; sourceTree = "<group>"; };
		C0D8A1421E7EBC28006E0658 /* ViewController.swift */ = {isa = PBXFileReference; lastKnownFileType = sourcecode.swift; path = ViewController.swift; sourceTree = "<group>"; };
		C0D8A1451E7EBC28006E0658 /* Base */ = {isa = PBXFileReference; lastKnownFileType = file.storyboard; name = Base; path = Base.lproj/Main.storyboard; sourceTree = "<group>"; };
		C0D8A1471E7EBC28006E0658 /* Assets.xcassets */ = {isa = PBXFileReference; lastKnownFileType = folder.assetcatalog; path = Assets.xcassets; sourceTree = "<group>"; };
		C0D8A14A1E7EBC28006E0658 /* Base */ = {isa = PBXFileReference; lastKnownFileType = file.storyboard; name = Base; path = Base.lproj/LaunchScreen.storyboard; sourceTree = "<group>"; };
		C0D8A14C1E7EBC28006E0658 /* Info.plist */ = {isa = PBXFileReference; lastKnownFileType = text.plist.xml; path = Info.plist; sourceTree = "<group>"; };
		C0D8A1511E7EBC28006E0658 /* WordTrotterTests.xctest */ = {isa = PBXFileReference; explicitFileType = wrapper.cfbundle; includeInIndex = 0; path = WordTrotterTests.xctest; sourceTree = BUILT_PRODUCTS_DIR; };
		C0D8A1551E7EBC28006E0658 /* WordTrotterTests.swift */ = {isa = PBXFileReference; lastKnownFileType = sourcecode.swift; path = WordTrotterTests.swift; sourceTree = "<group>"; };
		C0D8A1571E7EBC28006E0658 /* Info.plist */ = {isa = PBXFileReference; lastKnownFileType = text.plist.xml; path = Info.plist; sourceTree = "<group>"; };
		C0D8A15C1E7EBC28006E0658 /* WordTrotterUITests.xctest */ = {isa = PBXFileReference; explicitFileType = wrapper.cfbundle; includeInIndex = 0; path = WordTrotterUITests.xctest; sourceTree = BUILT_PRODUCTS_DIR; };
		C0D8A1601E7EBC28006E0658 /* WordTrotterUITests.swift */ = {isa = PBXFileReference; lastKnownFileType = sourcecode.swift; path = WordTrotterUITests.swift; sourceTree = "<group>"; };
		C0D8A1621E7EBC28006E0658 /* Info.plist */ = {isa = PBXFileReference; lastKnownFileType = text.plist.xml; path = Info.plist; sourceTree = "<group>"; };
/* End PBXFileReference section */

/* Begin PBXFrameworksBuildPhase section */
		C0D8A13A1E7EBC28006E0658 /* Frameworks */ = {
			isa = PBXFrameworksBuildPhase;
			buildActionMask = 2147483647;
			files = (
			);
			runOnlyForDeploymentPostprocessing = 0;
		};
		C0D8A14E1E7EBC28006E0658 /* Frameworks */ = {
			isa = PBXFrameworksBuildPhase;
			buildActionMask = 2147483647;
			files = (
			);
			runOnlyForDeploymentPostprocessing = 0;
		};
		C0D8A1591E7EBC28006E0658 /* Frameworks */ = {
			isa = PBXFrameworksBuildPhase;
			buildActionMask = 2147483647;
			files = (
			);
			runOnlyForDeploymentPostprocessing = 0;
		};
/* End PBXFrameworksBuildPhase section */

/* Begin PBXGroup section */
		C0D8A1341E7EBC28006E0658 = {
			isa = PBXGroup;
			children = (
				C0D8A13F1E7EBC28006E0658 /* WordTrotter */,
				C0D8A1541E7EBC28006E0658 /* WordTrotterTests */,
				C0D8A15F1E7EBC28006E0658 /* WordTrotterUITests */,
				C0D8A13E1E7EBC28006E0658 /* Products */,
			);
			sourceTree = "<group>";
		};
		C0D8A13E1E7EBC28006E0658 /* Products */ = {
			isa = PBXGroup;
			children = (
				C0D8A13D1E7EBC28006E0658 /* WordTrotter.app */,
				C0D8A1511E7EBC28006E0658 /* WordTrotterTests.xctest */,
				C0D8A15C1E7EBC28006E0658 /* WordTrotterUITests.xctest */,
			);
			name = Products;
			sourceTree = "<group>";
		};
		C0D8A13F1E7EBC28006E0658 /* WordTrotter */ = {
			isa = PBXGroup;
			children = (
				C0D8A1401E7EBC28006E0658 /* AppDelegate.swift */,
				C0D8A1421E7EBC28006E0658 /* ViewController.swift */,
				C0D8A1441E7EBC28006E0658 /* Main.storyboard */,
				C0D8A1471E7EBC28006E0658 /* Assets.xcassets */,
				C0D8A1491E7EBC28006E0658 /* LaunchScreen.storyboard */,
				C0D8A14C1E7EBC28006E0658 /* Info.plist */,
			);
			path = WordTrotter;
			sourceTree = "<group>";
		};
		C0D8A1541E7EBC28006E0658 /* WordTrotterTests */ = {
			isa = PBXGroup;
			children = (
				C0D8A1551E7EBC28006E0658 /* WordTrotterTests.swift */,
				C0D8A1571E7EBC28006E0658 /* Info.plist */,
			);
			path = WordTrotterTests;
			sourceTree = "<group>";
		};
		C0D8A15F1E7EBC28006E0658 /* WordTrotterUITests */ = {
			isa = PBXGroup;
			children = (
				C0D8A1601E7EBC28006E0658 /* WordTrotterUITests.swift */,
				C0D8A1621E7EBC28006E0658 /* Info.plist */,
			);
			path = WordTrotterUITests;
			sourceTree = "<group>";
		};
/* End PBXGroup section */

/* Begin PBXNativeTarget section */
		C0D8A13C1E7EBC28006E0658 /* WordTrotter */ = {
			isa = PBXNativeTarget;
			buildConfigurationList = C0D8A1651E7EBC28006E0658 /* Build configuration list for PBXNativeTarget "WordTrotter" */;
			buildPhases = (
				C0D8A1391E7EBC28006E0658 /* Sources */,
				C0D8A13A1E7EBC28006E0658 /* Frameworks */,
				C0D8A13B1E7EBC28006E0658 /* Resources */,
			);
			buildRules = (
			);
			dependencies = (
			);
			name = WordTrotter;
			productName = WordTrotter;
			productReference = C0D8A13D1E7EBC28006E0658 /* WordTrotter.app */;
			productType = "com.apple.product-type.application";
		};
		C0D8A1501E7EBC28006E0658 /* WordTrotterTests */ = {
			isa = PBXNativeTarget;
			buildConfigurationList = C0D8A1681E7EBC28006E0658 /* Build configuration list for PBXNativeTarget "WordTrotterTests" */;
			buildPhases = (
				C0D8A14D1E7EBC28006E0658 /* Sources */,
				C0D8A14E1E7EBC28006E0658 /* Frameworks */,
				C0D8A14F1E7EBC28006E0658 /* Resources */,
			);
			buildRules = (
			);
			dependencies = (
				C0D8A1531E7EBC28006E0658 /* PBXTargetDependency */,
			);
			name = WordTrotterTests;
			productName = WordTrotterTests;
			productReference = C0D8A1511E7EBC28006E0658 /* WordTrotterTests.xctest */;
			productType = "com.apple.product-type.bundle.unit-test";
		};
		C0D8A15B1E7EBC28006E0658 /* WordTrotterUITests */ = {
			isa = PBXNativeTarget;
			buildConfigurationList = C0D8A16B1E7EBC28006E0658 /* Build configuration list for PBXNativeTarget "WordTrotterUITests" */;
			buildPhases = (
				C0D8A1581E7EBC28006E0658 /* Sources */,
				C0D8A1591E7EBC28006E0658 /* Frameworks */,
				C0D8A15A1E7EBC28006E0658 /* Resources */,
			);
			buildRules = (
			);
			dependencies = (
				C0D8A15E1E7EBC28006E0658 /* PBXTargetDependency */,
			);
			name = WordTrotterUITests;
			productName = WordTrotterUITests;
			productReference = C0D8A15C1E7EBC28006E0658 /* WordTrotterUITests.xctest */;
			productType = "com.apple.product-type.bundle.ui-testing";
		};
/* End PBXNativeTarget section */

/* Begin PBXProject section */
		C0D8A1351E7EBC28006E0658 /* Project object */ = {
			isa = PBXProject;
			attributes = {
				LastSwiftUpdateCheck = 0820;
				LastUpgradeCheck = 0820;
				ORGANIZATIONNAME = superoo7.com;
				TargetAttributes = {
					C0D8A13C1E7EBC28006E0658 = {
						CreatedOnToolsVersion = 8.2.1;
						ProvisioningStyle = Automatic;
					};
					C0D8A1501E7EBC28006E0658 = {
						CreatedOnToolsVersion = 8.2.1;
						ProvisioningStyle = Automatic;
						TestTargetID = C0D8A13C1E7EBC28006E0658;
					};
					C0D8A15B1E7EBC28006E0658 = {
						CreatedOnToolsVersion = 8.2.1;
						ProvisioningStyle = Automatic;
						TestTargetID = C0D8A13C1E7EBC28006E0658;
					};
				};
			};
			buildConfigurationList = C0D8A1381E7EBC28006E0658 /* Build configuration list for PBXProject "WordTrotter" */;
			compatibilityVersion = "Xcode 3.2";
			developmentRegion = English;
			hasScannedForEncodings = 0;
			knownRegions = (
				en,
				Base,
			);
			mainGroup = C0D8A1341E7EBC28006E0658;
			productRefGroup = C0D8A13E1E7EBC28006E0658 /* Products */;
			projectDirPath = "";
			projectRoot = "";
			targets = (
				C0D8A13C1E7EBC28006E0658 /* WordTrotter */,
				C0D8A1501E7EBC28006E0658 /* WordTrotterTests */,
				C0D8A15B1E7EBC28006E0658 /* WordTrotterUITests */,
			);
		};
/* End PBXProject section */

/* Begin PBXResourcesBuildPhase section */
		C0D8A13B1E7EBC28006E0658 /* Resources */ = {
			isa = PBXResourcesBuildPhase;
			buildActionMask = 2147483647;
			files = (
				C0D8A14B1E7EBC28006E0658 /* LaunchScreen.storyboard in Resources */,
				C0D8A1481E7EBC28006E0658 /* Assets.xcassets in Resources */,
				C0D8A1461E7EBC28006E0658 /* Main.storyboard in Resources */,
			);
			runOnlyForDeploymentPostprocessing = 0;
		};
		C0D8A14F1E7EBC28006E0658 /* Resources */ = {
			isa = PBXResourcesBuildPhase;
			buildActionMask = 2147483647;
			files = (
			);
			runOnlyForDeploymentPostprocessing = 0;
		};
		C0D8A15A1E7EBC28006E0658 /* Resources */ = {
			isa = PBXResourcesBuildPhase;
			buildActionMask = 2147483647;
			files = (
			);
			runOnlyForDeploymentPostprocessing = 0;
		};
/* End PBXResourcesBuildPhase section */

/* Begin PBXSourcesBuildPhase section */
		C0D8A1391E7EBC28006E0658 /* Sources */ = {
			isa = PBXSourcesBuildPhase;
			buildActionMask = 2147483647;
			files = (
				C0D8A1431E7EBC28006E0658 /* ViewController.swift in Sources */,
				C0D8A1411E7EBC28006E0658 /* AppDelegate.swift in Sources */,
			);
			runOnlyForDeploymentPostprocessing = 0;
		};
		C0D8A14D1E7EBC28006E0658 /* Sources */ = {
			isa = PBXSourcesBuildPhase;
			buildActionMask = 2147483647;
			files = (
				C0D8A1561E7EBC28006E0658 /* WordTrotterTests.swift in Sources */,
			);
			runOnlyForDeploymentPostprocessing = 0;
		};
		C0D8A1581E7EBC28006E0658 /* Sources */ = {
			isa = PBXSourcesBuildPhase;
			buildActionMask = 2147483647;
			files = (
				C0D8A1611E7EBC28006E0658 /* WordTrotterUITests.swift in Sources */,
			);
			runOnlyForDeploymentPostprocessing = 0;
		};
/* End PBXSourcesBuildPhase section */

/* Begin PBXTargetDependency section */
		C0D8A1531E7EBC28006E0658 /* PBXTargetDependency */ = {
			isa = PBXTargetDependency;
			target = C0D8A13C1E7EBC28006E0658 /* WordTrotter */;
			targetProxy = C0D8A1521E7EBC28006E0658 /* PBXContainerItemProxy */;
		};
		C0D8A15E1E7EBC28006E0658 /* PBXTargetDependency */ = {
			isa = PBXTargetDependency;
			target = C0D8A13C1E7EBC28006E0658 /* WordTrotter */;
			targetProxy = C0D8A15D1E7EBC28006E0658 /* PBXContainerItemProxy */;
		};
/* End PBXTargetDependency section */

/* Begin PBXVariantGroup section */
		C0D8A1441E7EBC28006E0658 /* Main.storyboard */ = {
			isa = PBXVariantGroup;
			children = (
				C0D8A1451E7EBC28006E0658 /* Base */,
			);
			name = Main.storyboard;
			sourceTree = "<group>";
		};
		C0D8A1491E7EBC28006E0658 /* LaunchScreen.storyboard */ = {
			isa = PBXVariantGroup;
			children = (
				C0D8A14A1E7EBC28006E0658 /* Base */,
			);
			name = LaunchScreen.storyboard;
			sourceTree = "<group>";
		};
/* End PBXVariantGroup section */

/* Begin XCBuildConfiguration section */
		C0D8A1631E7EBC28006E0658 /* Debug */ = {
			isa = XCBuildConfiguration;
			buildSettings = {
				ALWAYS_SEARCH_USER_PATHS = NO;
				CLANG_ANALYZER_NONNULL = YES;
				CLANG_CXX_LANGUAGE_STANDARD = "gnu++0x";
				CLANG_CXX_LIBRARY = "libc++";
				CLANG_ENABLE_MODULES = YES;
				CLANG_ENABLE_OBJC_ARC = YES;
				CLANG_WARN_BOOL_CONVERSION = YES;
				CLANG_WARN_CONSTANT_CONVERSION = YES;
				CLANG_WARN_DIRECT_OBJC_ISA_USAGE = YES_ERROR;
				CLANG_WARN_DOCUMENTATION_COMMENTS = YES;
				CLANG_WARN_EMPTY_BODY = YES;
				CLANG_WARN_ENUM_CONVERSION = YES;
				CLANG_WARN_INFINITE_RECURSION = YES;
				CLANG_WARN_INT_CONVERSION = YES;
				CLANG_WARN_OBJC_ROOT_CLASS = YES_ERROR;
				CLANG_WARN_SUSPICIOUS_MOVE = YES;
				CLANG_WARN_UNREACHABLE_CODE = YES;
				CLANG_WARN__DUPLICATE_METHOD_MATCH = YES;
				"CODE_SIGN_IDENTITY[sdk=iphoneos*]" = "iPhone Developer";
				COPY_PHASE_STRIP = NO;
				DEBUG_INFORMATION_FORMAT = dwarf;
				ENABLE_STRICT_OBJC_MSGSEND = YES;
				ENABLE_TESTABILITY = YES;
				GCC_C_LANGUAGE_STANDARD = gnu99;
				GCC_DYNAMIC_NO_PIC = NO;
				GCC_NO_COMMON_BLOCKS = YES;
				GCC_OPTIMIZATION_LEVEL = 0;
				GCC_PREPROCESSOR_DEFINITIONS = (
					"DEBUG=1",
					"$(inherited)",
				);
				GCC_WARN_64_TO_32_BIT_CONVERSION = YES;
				GCC_WARN_ABOUT_RETURN_TYPE = YES_ERROR;
				GCC_WARN_UNDECLARED_SELECTOR = YES;
				GCC_WARN_UNINITIALIZED_AUTOS = YES_AGGRESSIVE;
				GCC_WARN_UNUSED_FUNCTION = YES;
				GCC_WARN_UNUSED_VARIABLE = YES;
				IPHONEOS_DEPLOYMENT_TARGET = 10.2;
				MTL_ENABLE_DEBUG_INFO = YES;
				ONLY_ACTIVE_ARCH = YES;
				SDKROOT = iphoneos;
				SWIFT_ACTIVE_COMPILATION_CONDITIONS = DEBUG;
				SWIFT_OPTIMIZATION_LEVEL = "-Onone";
				TARGETED_DEVICE_FAMILY = "1,2";
			};
			name = Debug;
		};
		C0D8A1641E7EBC28006E0658 /* Release */ = {
			isa = XCBuildConfiguration;
			buildSettings = {
				ALWAYS_SEARCH_USER_PATHS = NO;
				CLANG_ANALYZER_NONNULL = YES;
				CLANG_CXX_LANGUAGE_STANDARD = "gnu++0x";
				CLANG_CXX_LIBRARY = "libc++";
				CLANG_ENABLE_MODULES = YES;
				CLANG_ENABLE_OBJC_ARC = YES;
				CLANG_WARN_BOOL_CONVERSION = YES;
				CLANG_WARN_CONSTANT_CONVERSION = YES;
				CLANG_WARN_DIRECT_OBJC_ISA_USAGE = YES_ERROR;
				CLANG_WARN_DOCUMENTATION_COMMENTS = YES;
				CLANG_WARN_EMPTY_BODY = YES;
				CLANG_WARN_ENUM_CONVERSION = YES;
				CLANG_WARN_INFINITE_RECURSION = YES;
				CLANG_WARN_INT_CONVERSION = YES;
				CLANG_WARN_OBJC_ROOT_CLASS = YES_ERROR;
				CLANG_WARN_SUSPICIOUS_MOVE = YES;
				CLANG_WARN_UNREACHABLE_CODE = YES;
				CLANG_WARN__DUPLICATE_METHOD_MATCH = YES;
				"CODE_SIGN_IDENTITY[sdk=iphoneos*]" = "iPhone Developer";
				COPY_PHASE_STRIP = NO;
				DEBUG_INFORMATION_FORMAT = "dwarf-with-dsym";
				ENABLE_NS_ASSERTIONS = NO;
				ENABLE_STRICT_OBJC_MSGSEND = YES;
				GCC_C_LANGUAGE_STANDARD = gnu99;
				GCC_NO_COMMON_BLOCKS = YES;
				GCC_WARN_64_TO_32_BIT_CONVERSION = YES;
				GCC_WARN_ABOUT_RETURN_TYPE = YES_ERROR;
				GCC_WARN_UNDECLARED_SELECTOR = YES;
				GCC_WARN_UNINITIALIZED_AUTOS = YES_AGGRESSIVE;
				GCC_WARN_UNUSED_FUNCTION = YES;
				GCC_WARN_UNUSED_VARIABLE = YES;
				IPHONEOS_DEPLOYMENT_TARGET = 10.2;
				MTL_ENABLE_DEBUG_INFO = NO;
				SDKROOT = iphoneos;
				SWIFT_OPTIMIZATION_LEVEL = "-Owholemodule";
				TARGETED_DEVICE_FAMILY = "1,2";
				VALIDATE_PRODUCT = YES;
			};
			name = Release;
		};
		C0D8A1661E7EBC28006E0658 /* Debug */ = {
			isa = XCBuildConfiguration;
			buildSettings = {
				ASSETCATALOG_COMPILER_APPICON_NAME = AppIcon;
				INFOPLIST_FILE = WordTrotter/Info.plist;
				LD_RUNPATH_SEARCH_PATHS = "$(inherited) @executable_path/Frameworks";
				PRODUCT_BUNDLE_IDENTIFIER = com.superoo7.WordTrotter;
				PRODUCT_NAME = "$(TARGET_NAME)";
				SWIFT_VERSION = 3.0;
			};
			name = Debug;
		};
		C0D8A1671E7EBC28006E0658 /* Release */ = {
			isa = XCBuildConfiguration;
			buildSettings = {
				ASSETCATALOG_COMPILER_APPICON_NAME = AppIcon;
				INFOPLIST_FILE = WordTrotter/Info.plist;
				LD_RUNPATH_SEARCH_PATHS = "$(inherited) @executable_path/Frameworks";
				PRODUCT_BUNDLE_IDENTIFIER = com.superoo7.WordTrotter;
				PRODUCT_NAME = "$(TARGET_NAME)";
				SWIFT_VERSION = 3.0;
			};
			name = Release;
		};
		C0D8A1691E7EBC28006E0658 /* Debug */ = {
			isa = XCBuildConfiguration;
			buildSettings = {
				ALWAYS_EMBED_SWIFT_STANDARD_LIBRARIES = YES;
				BUNDLE_LOADER = "$(TEST_HOST)";
				INFOPLIST_FILE = WordTrotterTests/Info.plist;
				LD_RUNPATH_SEARCH_PATHS = "$(inherited) @executable_path/Frameworks @loader_path/Frameworks";
				PRODUCT_BUNDLE_IDENTIFIER = com.superoo7.WordTrotterTests;
				PRODUCT_NAME = "$(TARGET_NAME)";
				SWIFT_VERSION = 3.0;
				TEST_HOST = "$(BUILT_PRODUCTS_DIR)/WordTrotter.app/WordTrotter";
			};
			name = Debug;
		};
		C0D8A16A1E7EBC28006E0658 /* Release */ = {
			isa = XCBuildConfiguration;
			buildSettings = {
				ALWAYS_EMBED_SWIFT_STANDARD_LIBRARIES = YES;
				BUNDLE_LOADER = "$(TEST_HOST)";
				INFOPLIST_FILE = WordTrotterTests/Info.plist;
				LD_RUNPATH_SEARCH_PATHS = "$(inherited) @executable_path/Frameworks @loader_path/Frameworks";
				PRODUCT_BUNDLE_IDENTIFIER = com.superoo7.WordTrotterTests;
				PRODUCT_NAME = "$(TARGET_NAME)";
				SWIFT_VERSION = 3.0;
				TEST_HOST = "$(BUILT_PRODUCTS_DIR)/WordTrotter.app/WordTrotter";
			};
			name = Release;
		};
		C0D8A16C1E7EBC28006E0658 /* Debug */ = {
			isa = XCBuildConfiguration;
			buildSettings = {
				ALWAYS_EMBED_SWIFT_STANDARD_LIBRARIES = YES;
				INFOPLIST_FILE = WordTrotterUITests/Info.plist;
				LD_RUNPATH_SEARCH_PATHS = "$(inherited) @executable_path/Frameworks @loader_path/Frameworks";
				PRODUCT_BUNDLE_IDENTIFIER = com.superoo7.WordTrotterUITests;
				PRODUCT_NAME = "$(TARGET_NAME)";
				SWIFT_VERSION = 3.0;
				TEST_TARGET_NAME = WordTrotter;
			};
			name = Debug;
		};
		C0D8A16D1E7EBC28006E0658 /* Release */ = {
			isa = XCBuildConfiguration;
			buildSettings = {
				ALWAYS_EMBED_SWIFT_STANDARD_LIBRARIES = YES;
				INFOPLIST_FILE = WordTrotterUITests/Info.plist;
				LD_RUNPATH_SEARCH_PATHS = "$(inherited) @executable_path/Frameworks @loader_path/Frameworks";
				PRODUCT_BUNDLE_IDENTIFIER = com.superoo7.WordTrotterUITests;
				PRODUCT_NAME = "$(TARGET_NAME)";
				SWIFT_VERSION = 3.0;
				TEST_TARGET_NAME = WordTrotter;
			};
			name = Release;
		};
/* End XCBuildConfiguration section */

/* Begin XCConfigurationList section */
		C0D8A1381E7EBC28006E0658 /* Build configuration list for PBXProject "WordTrotter" */ = {
			isa = XCConfigurationList;
			buildConfigurations = (
				C0D8A1631E7EBC28006E0658 /* Debug */,
				C0D8A1641E7EBC28006E0658 /* Release */,
			);
			defaultConfigurationIsVisible = 0;
			defaultConfigurationName = Release;
		};
		C0D8A1651E7EBC28006E0658 /* Build configuration list for PBXNativeTarget "WordTrotter" */ = {
			isa = XCConfigurationList;
			buildConfigurations = (
				C0D8A1661E7EBC28006E0658 /* Debug */,
				C0D8A1671E7EBC28006E0658 /* Release */,
			);
			defaultConfigurationIsVisible = 0;
		};
		C0D8A1681E7EBC28006E0658 /* Build configuration list for PBXNativeTarget "WordTrotterTests" */ = {
			isa = XCConfigurationList;
			buildConfigurations = (
				C0D8A1691E7EBC28006E0658 /* Debug */,
				C0D8A16A1E7EBC28006E0658 /* Release */,
			);
			defaultConfigurationIsVisible = 0;
		};
		C0D8A16B1E7EBC28006E0658 /* Build configuration list for PBXNativeTarget "WordTrotterUITests" */ = {
			isa = XCConfigurationList;
			buildConfigurations = (
				C0D8A16C1E7EBC28006E0658 /* Debug */,
				C0D8A16D1E7EBC28006E0658 /* Release */,
			);
			defaultConfigurationIsVisible = 0;
		};
/* End XCConfigurationList section */
	};
	rootObject = C0D8A1351E7EBC28006E0658 /* Project object */;
}
