// !$*UTF8*$!
{
	archiveVersion = 1;
	classes = {
	};
	objectVersion = 46;
	objects = {

/* Begin PBXBuildFile section */
		C012EA3E1E926F7000022E81 /* CalculatorBrain.swift in Sources */ = {isa = PBXBuildFile; fileRef = C012EA3D1E926F7000022E81 /* CalculatorBrain.swift */; };
		C0B8B7CB1E90EE9500F90D8D /* AppDelegate.swift in Sources */ = {isa = PBXBuildFile; fileRef = C0B8B7CA1E90EE9500F90D8D /* AppDelegate.swift */; };
		C0B8B7CD1E90EE9500F90D8D /* ViewController.swift in Sources */ = {isa = PBXBuildFile; fileRef = C0B8B7CC1E90EE9500F90D8D /* ViewController.swift */; };
		C0B8B7D01E90EE9500F90D8D /* Main.storyboard in Resources */ = {isa = PBXBuildFile; fileRef = C0B8B7CE1E90EE9500F90D8D /* Main.storyboard */; };
		C0B8B7D21E90EE9500F90D8D /* Assets.xcassets in Resources */ = {isa = PBXBuildFile; fileRef = C0B8B7D11E90EE9500F90D8D /* Assets.xcassets */; };
		C0B8B7D51E90EE9500F90D8D /* LaunchScreen.storyboard in Resources */ = {isa = PBXBuildFile; fileRef = C0B8B7D31E90EE9500F90D8D /* LaunchScreen.storyboard */; };
/* End PBXBuildFile section */

/* Begin PBXFileReference section */
		C012EA3D1E926F7000022E81 /* CalculatorBrain.swift */ = {isa = PBXFileReference; fileEncoding = 4; lastKnownFileType = sourcecode.swift; name = CalculatorBrain.swift; path = ../CalculatorBrain.swift; sourceTree = "<group>"; };
		C0B8B7C71E90EE9500F90D8D /* calculator.app */ = {isa = PBXFileReference; explicitFileType = wrapper.application; includeInIndex = 0; path = calculator.app; sourceTree = BUILT_PRODUCTS_DIR; };
		C0B8B7CA1E90EE9500F90D8D /* AppDelegate.swift */ = {isa = PBXFileReference; lastKnownFileType = sourcecode.swift; path = AppDelegate.swift; sourceTree = "<group>"; };
		C0B8B7CC1E90EE9500F90D8D /* ViewController.swift */ = {isa = PBXFileReference; lastKnownFileType = sourcecode.swift; path = ViewController.swift; sourceTree = "<group>"; };
		C0B8B7CF1E90EE9500F90D8D /* Base */ = {isa = PBXFileReference; lastKnownFileType = file.storyboard; name = Base; path = Base.lproj/Main.storyboard; sourceTree = "<group>"; };
		C0B8B7D11E90EE9500F90D8D /* Assets.xcassets */ = {isa = PBXFileReference; lastKnownFileType = folder.assetcatalog; path = Assets.xcassets; sourceTree = "<group>"; };
		C0B8B7D41E90EE9500F90D8D /* Base */ = {isa = PBXFileReference; lastKnownFileType = file.storyboard; name = Base; path = Base.lproj/LaunchScreen.storyboard; sourceTree = "<group>"; };
		C0B8B7D61E90EE9500F90D8D /* Info.plist */ = {isa = PBXFileReference; lastKnownFileType = text.plist.xml; path = Info.plist; sourceTree = "<group>"; };
/* End PBXFileReference section */

/* Begin PBXFrameworksBuildPhase section */
		C0B8B7C41E90EE9400F90D8D /* Frameworks */ = {
			isa = PBXFrameworksBuildPhase;
			buildActionMask = 2147483647;
			files = (
			);
			runOnlyForDeploymentPostprocessing = 0;
		};
/* End PBXFrameworksBuildPhase section */

/* Begin PBXGroup section */
		C0B8B7BE1E90EE9400F90D8D = {
			isa = PBXGroup;
			children = (
				C0B8B7C91E90EE9500F90D8D /* calculator */,
				C0B8B7C81E90EE9500F90D8D /* Products */,
			);
			sourceTree = "<group>";
		};
		C0B8B7C81E90EE9500F90D8D /* Products */ = {
			isa = PBXGroup;
			children = (
				C0B8B7C71E90EE9500F90D8D /* calculator.app */,
			);
			name = Products;
			sourceTree = "<group>";
		};
		C0B8B7C91E90EE9500F90D8D /* calculator */ = {
			isa = PBXGroup;
			children = (
				C0B8B7DC1E90EF5000F90D8D /* Supporting Files */,
				C0B8B7CC1E90EE9500F90D8D /* ViewController.swift */,
				C012EA3D1E926F7000022E81 /* CalculatorBrain.swift */,
				C0B8B7CE1E90EE9500F90D8D /* Main.storyboard */,
			);
			path = calculator;
			sourceTree = "<group>";
		};
		C0B8B7DC1E90EF5000F90D8D /* Supporting Files */ = {
			isa = PBXGroup;
			children = (
				C0B8B7CA1E90EE9500F90D8D /* AppDelegate.swift */,
				C0B8B7D11E90EE9500F90D8D /* Assets.xcassets */,
				C0B8B7D31E90EE9500F90D8D /* LaunchScreen.storyboard */,
				C0B8B7D61E90EE9500F90D8D /* Info.plist */,
			);
			name = "Supporting Files";
			sourceTree = "<group>";
		};
/* End PBXGroup section */

/* Begin PBXNativeTarget section */
		C0B8B7C61E90EE9400F90D8D /* calculator */ = {
			isa = PBXNativeTarget;
			buildConfigurationList = C0B8B7D91E90EE9500F90D8D /* Build configuration list for PBXNativeTarget "calculator" */;
			buildPhases = (
				C0B8B7C31E90EE9400F90D8D /* Sources */,
				C0B8B7C41E90EE9400F90D8D /* Frameworks */,
				C0B8B7C51E90EE9400F90D8D /* Resources */,
			);
			buildRules = (
			);
			dependencies = (
			);
			name = calculator;
			productName = calculator;
			productReference = C0B8B7C71E90EE9500F90D8D /* calculator.app */;
			productType = "com.apple.product-type.application";
		};
/* End PBXNativeTarget section */

/* Begin PBXProject section */
		C0B8B7BF1E90EE9400F90D8D /* Project object */ = {
			isa = PBXProject;
			attributes = {
				LastSwiftUpdateCheck = 0820;
				LastUpgradeCheck = 0820;
				ORGANIZATIONNAME = johnsonlwh7;
				TargetAttributes = {
					C0B8B7C61E90EE9400F90D8D = {
						CreatedOnToolsVersion = 8.2.1;
						DevelopmentTeam = V548K946KK;
						ProvisioningStyle = Automatic;
					};
				};
			};
			buildConfigurationList = C0B8B7C21E90EE9400F90D8D /* Build configuration list for PBXProject "calculator" */;
			compatibilityVersion = "Xcode 3.2";
			developmentRegion = English;
			hasScannedForEncodings = 0;
			knownRegions = (
				en,
				Base,
			);
			mainGroup = C0B8B7BE1E90EE9400F90D8D;
			productRefGroup = C0B8B7C81E90EE9500F90D8D /* Products */;
			projectDirPath = "";
			projectRoot = "";
			targets = (
				C0B8B7C61E90EE9400F90D8D /* calculator */,
			);
		};
/* End PBXProject section */

/* Begin PBXResourcesBuildPhase section */
		C0B8B7C51E90EE9400F90D8D /* Resources */ = {
			isa = PBXResourcesBuildPhase;
			buildActionMask = 2147483647;
			files = (
				C0B8B7D51E90EE9500F90D8D /* LaunchScreen.storyboard in Resources */,
				C0B8B7D21E90EE9500F90D8D /* Assets.xcassets in Resources */,
				C0B8B7D01E90EE9500F90D8D /* Main.storyboard in Resources */,
			);
			runOnlyForDeploymentPostprocessing = 0;
		};
/* End PBXResourcesBuildPhase section */

/* Begin PBXSourcesBuildPhase section */
		C0B8B7C31E90EE9400F90D8D /* Sources */ = {
			isa = PBXSourcesBuildPhase;
			buildActionMask = 2147483647;
			files = (
				C012EA3E1E926F7000022E81 /* CalculatorBrain.swift in Sources */,
				C0B8B7CD1E90EE9500F90D8D /* ViewController.swift in Sources */,
				C0B8B7CB1E90EE9500F90D8D /* AppDelegate.swift in Sources */,
			);
			runOnlyForDeploymentPostprocessing = 0;
		};
/* End PBXSourcesBuildPhase section */

/* Begin PBXVariantGroup section */
		C0B8B7CE1E90EE9500F90D8D /* Main.storyboard */ = {
			isa = PBXVariantGroup;
			children = (
				C0B8B7CF1E90EE9500F90D8D /* Base */,
			);
			name = Main.storyboard;
			sourceTree = "<group>";
		};
		C0B8B7D31E90EE9500F90D8D /* LaunchScreen.storyboard */ = {
			isa = PBXVariantGroup;
			children = (
				C0B8B7D41E90EE9500F90D8D /* Base */,
			);
			name = LaunchScreen.storyboard;
			sourceTree = "<group>";
		};
/* End PBXVariantGroup section */

/* Begin XCBuildConfiguration section */
		C0B8B7D71E90EE9500F90D8D /* Debug */ = {
			isa = XCBuildConfiguration;
			buildSettings = {
				ALWAYS_SEARCH_USER_PATHS = NO;
				CLANG_ANALYZER_NONNULL = YES;
				CLANG_CXX_LANGUAGE_STANDARD = "gnu++0x";
				CLANG_CXX_LIBRARY = "libc++";
				CLANG_ENABLE_MODULES = YES;
				CLANG_ENABLE_OBJC_ARC = YES;
				CLANG_WARN_BOOL_CONVERSION = YES;
				CLANG_WARN_CONSTANT_CONVERSION = YES;
				CLANG_WARN_DIRECT_OBJC_ISA_USAGE = YES_ERROR;
				CLANG_WARN_DOCUMENTATION_COMMENTS = YES;
				CLANG_WARN_EMPTY_BODY = YES;
				CLANG_WARN_ENUM_CONVERSION = YES;
				CLANG_WARN_INFINITE_RECURSION = YES;
				CLANG_WARN_INT_CONVERSION = YES;
				CLANG_WARN_OBJC_ROOT_CLASS = YES_ERROR;
				CLANG_WARN_SUSPICIOUS_MOVE = YES;
				CLANG_WARN_UNREACHABLE_CODE = YES;
				CLANG_WARN__DUPLICATE_METHOD_MATCH = YES;
				"CODE_SIGN_IDENTITY[sdk=iphoneos*]" = "iPhone Developer";
				COPY_PHASE_STRIP = NO;
				DEBUG_INFORMATION_FORMAT = dwarf;
				ENABLE_STRICT_OBJC_MSGSEND = YES;
				ENABLE_TESTABILITY = YES;
				GCC_C_LANGUAGE_STANDARD = gnu99;
				GCC_DYNAMIC_NO_PIC = NO;
				GCC_NO_COMMON_BLOCKS = YES;
				GCC_OPTIMIZATION_LEVEL = 0;
				GCC_PREPROCESSOR_DEFINITIONS = (
					"DEBUG=1",
					"$(inherited)",
				);
				GCC_WARN_64_TO_32_BIT_CONVERSION = YES;
				GCC_WARN_ABOUT_RETURN_TYPE = YES_ERROR;
				GCC_WARN_UNDECLARED_SELECTOR = YES;
				GCC_WARN_UNINITIALIZED_AUTOS = YES_AGGRESSIVE;
				GCC_WARN_UNUSED_FUNCTION = YES;
				GCC_WARN_UNUSED_VARIABLE = YES;
				IPHONEOS_DEPLOYMENT_TARGET = 10.2;
				MTL_ENABLE_DEBUG_INFO = YES;
				ONLY_ACTIVE_ARCH = YES;
				SDKROOT = iphoneos;
				SWIFT_ACTIVE_COMPILATION_CONDITIONS = DEBUG;
				SWIFT_OPTIMIZATION_LEVEL = "-Onone";
				TARGETED_DEVICE_FAMILY = "1,2";
			};
			name = Debug;
		};
		C0B8B7D81E90EE9500F90D8D /* Release */ = {
			isa = XCBuildConfiguration;
			buildSettings = {
				ALWAYS_SEARCH_USER_PATHS = NO;
				CLANG_ANALYZER_NONNULL = YES;
				CLANG_CXX_LANGUAGE_STANDARD = "gnu++0x";
				CLANG_CXX_LIBRARY = "libc++";
				CLANG_ENABLE_MODULES = YES;
				CLANG_ENABLE_OBJC_ARC = YES;
				CLANG_WARN_BOOL_CONVERSION = YES;
				CLANG_WARN_CONSTANT_CONVERSION = YES;
				CLANG_WARN_DIRECT_OBJC_ISA_USAGE = YES_ERROR;
				CLANG_WARN_DOCUMENTATION_COMMENTS = YES;
				CLANG_WARN_EMPTY_BODY = YES;
				CLANG_WARN_ENUM_CONVERSION = YES;
				CLANG_WARN_INFINITE_RECURSION = YES;
				CLANG_WARN_INT_CONVERSION = YES;
				CLANG_WARN_OBJC_ROOT_CLASS = YES_ERROR;
				CLANG_WARN_SUSPICIOUS_MOVE = YES;
				CLANG_WARN_UNREACHABLE_CODE = YES;
				CLANG_WARN__DUPLICATE_METHOD_MATCH = YES;
				"CODE_SIGN_IDENTITY[sdk=iphoneos*]" = "iPhone Developer";
				COPY_PHASE_STRIP = NO;
				DEBUG_INFORMATION_FORMAT = "dwarf-with-dsym";
				ENABLE_NS_ASSERTIONS = NO;
				ENABLE_STRICT_OBJC_MSGSEND = YES;
				GCC_C_LANGUAGE_STANDARD = gnu99;
				GCC_NO_COMMON_BLOCKS = YES;
				GCC_WARN_64_TO_32_BIT_CONVERSION = YES;
				GCC_WARN_ABOUT_RETURN_TYPE = YES_ERROR;
				GCC_WARN_UNDECLARED_SELECTOR = YES;
				GCC_WARN_UNINITIALIZED_AUTOS = YES_AGGRESSIVE;
				GCC_WARN_UNUSED_FUNCTION = YES;
				GCC_WARN_UNUSED_VARIABLE = YES;
				IPHONEOS_DEPLOYMENT_TARGET = 10.2;
				MTL_ENABLE_DEBUG_INFO = NO;
				SDKROOT = iphoneos;
				SWIFT_OPTIMIZATION_LEVEL = "-Owholemodule";
				TARGETED_DEVICE_FAMILY = "1,2";
				VALIDATE_PRODUCT = YES;
			};
			name = Release;
		};
		C0B8B7DA1E90EE9500F90D8D /* Debug */ = {
			isa = XCBuildConfiguration;
			buildSettings = {
				ASSETCATALOG_COMPILER_APPICON_NAME = AppIcon;
				DEVELOPMENT_TEAM = V548K946KK;
				INFOPLIST_FILE = calculator/Info.plist;
				LD_RUNPATH_SEARCH_PATHS = "$(inherited) @executable_path/Frameworks";
				PRODUCT_BUNDLE_IDENTIFIER = com.johnsonlwh7.learn.calculator;
				PRODUCT_NAME = "$(TARGET_NAME)";
				SWIFT_VERSION = 3.0;
			};
			name = Debug;
		};
		C0B8B7DB1E90EE9500F90D8D /* Release */ = {
			isa = XCBuildConfiguration;
			buildSettings = {
				ASSETCATALOG_COMPILER_APPICON_NAME = AppIcon;
				DEVELOPMENT_TEAM = V548K946KK;
				INFOPLIST_FILE = calculator/Info.plist;
				LD_RUNPATH_SEARCH_PATHS = "$(inherited) @executable_path/Frameworks";
				PRODUCT_BUNDLE_IDENTIFIER = com.johnsonlwh7.learn.calculator;
				PRODUCT_NAME = "$(TARGET_NAME)";
				SWIFT_VERSION = 3.0;
			};
			name = Release;
		};
/* End XCBuildConfiguration section */

/* Begin XCConfigurationList section */
		C0B8B7C21E90EE9400F90D8D /* Build configuration list for PBXProject "calculator" */ = {
			isa = XCConfigurationList;
			buildConfigurations = (
				C0B8B7D71E90EE9500F90D8D /* Debug */,
				C0B8B7D81E90EE9500F90D8D /* Release */,
			);
			defaultConfigurationIsVisible = 0;
			defaultConfigurationName = Release;
		};
		C0B8B7D91E90EE9500F90D8D /* Build configuration list for PBXNativeTarget "calculator" */ = {
			isa = XCConfigurationList;
			buildConfigurations = (
				C0B8B7DA1E90EE9500F90D8D /* Debug */,
				C0B8B7DB1E90EE9500F90D8D /* Release */,
			);
			defaultConfigurationIsVisible = 0;
			defaultConfigurationName = Release;
		};
/* End XCConfigurationList section */
	};
	rootObject = C0B8B7BF1E90EE9400F90D8D /* Project object */;
}
